// !$*UTF8*$!
{
	archiveVersion = 1;
	classes = {
	};
	objectVersion = 46;
	objects = {

/* Begin PBXBuildFile section */
		1657745992D4945444EDD872 /* libPods.a in Frameworks */ = {isa = PBXBuildFile; fileRef = 6AC7D2F5E7A06F4DE60B604E /* libPods.a */; };
		FD0CA6FE1B5433FF00538750 /* BLKWaterDelivery.xcdatamodeld in Sources */ = {isa = PBXBuildFile; fileRef = FD0CA6FC1B5433FF00538750 /* BLKWaterDelivery.xcdatamodeld */; };
		FD0CA7061B543C7300538750 /* LocalDeliveryProviderDataProvider.swift in Sources */ = {isa = PBXBuildFile; fileRef = FD0CA7051B543C7300538750 /* LocalDeliveryProviderDataProvider.swift */; };
		FD0CA7081B543D7C00538750 /* JSONParser.swift in Sources */ = {isa = PBXBuildFile; fileRef = FD0CA7071B543D7C00538750 /* JSONParser.swift */; };
		FD0CA70A1B54D05100538750 /* DeliveryProvidersUpdater.swift in Sources */ = {isa = PBXBuildFile; fileRef = FD0CA7091B54D05100538750 /* DeliveryProvidersUpdater.swift */; };
		FD0CA70D1B5510C700538750 /* CoreData.framework in Frameworks */ = {isa = PBXBuildFile; fileRef = FD0CA70C1B5510C700538750 /* CoreData.framework */; };
		FD10C3781B57CBC400584432 /* ContactInfo+CoreDataProperties.swift in Sources */ = {isa = PBXBuildFile; fileRef = FD10C3741B57CBC400584432 /* ContactInfo+CoreDataProperties.swift */; };
		FD10C3791B57CBC400584432 /* ContactInfo.swift in Sources */ = {isa = PBXBuildFile; fileRef = FD10C3751B57CBC400584432 /* ContactInfo.swift */; };
		FD10C37A1B57CBC400584432 /* DeliveryProvider+CoreDataProperties.swift in Sources */ = {isa = PBXBuildFile; fileRef = FD10C3761B57CBC400584432 /* DeliveryProvider+CoreDataProperties.swift */; };
		FD10C37B1B57CBC400584432 /* DeliveryProvider.swift in Sources */ = {isa = PBXBuildFile; fileRef = FD10C3771B57CBC400584432 /* DeliveryProvider.swift */; };
		FD10C3841B57CF1400584432 /* DataProvider.swift in Sources */ = {isa = PBXBuildFile; fileRef = FD10C37F1B57CF1400584432 /* DataProvider.swift */; };
		FD10C3851B57CF1400584432 /* EntityDataProvider.swift in Sources */ = {isa = PBXBuildFile; fileRef = FD10C3801B57CF1400584432 /* EntityDataProvider.swift */; };
		FD10C3861B57CF1400584432 /* DeliveryProviderDataFactory.swift in Sources */ = {isa = PBXBuildFile; fileRef = FD10C3821B57CF1400584432 /* DeliveryProviderDataFactory.swift */; };
		FD10C3871B57CF1400584432 /* ObjectLoadingFactory.swift in Sources */ = {isa = PBXBuildFile; fileRef = FD10C3831B57CF1400584432 /* ObjectLoadingFactory.swift */; };
		FD17136A1B457FBA005110AD /* SelectProviderDatasource.swift in Sources */ = {isa = PBXBuildFile; fileRef = FD1713691B457FBA005110AD /* SelectProviderDatasource.swift */; };
		FD17136D1B45807F005110AD /* SelectProviderTableViewCell.swift in Sources */ = {isa = PBXBuildFile; fileRef = FD17136C1B45807F005110AD /* SelectProviderTableViewCell.swift */; };
		FD1E23DE1B4EE7750086F609 /* LocalDataProvider.swift in Sources */ = {isa = PBXBuildFile; fileRef = FD1E23DD1B4EE7750086F609 /* LocalDataProvider.swift */; };
		FD272A021B51A61C00398126 /* Updater.swift in Sources */ = {isa = PBXBuildFile; fileRef = FD272A011B51A61C00398126 /* Updater.swift */; };
		FD272A041B51A65B00398126 /* ReachabilityChecker.swift in Sources */ = {isa = PBXBuildFile; fileRef = FD272A031B51A65B00398126 /* ReachabilityChecker.swift */; };
		FD775BD11B4EB9C400B7D0B1 /* Accounts.framework in Frameworks */ = {isa = PBXBuildFile; fileRef = FD775BD01B4EB9C400B7D0B1 /* Accounts.framework */; };
		FD775BD31B4EB9D700B7D0B1 /* Social.framework in Frameworks */ = {isa = PBXBuildFile; fileRef = FD775BD21B4EB9D700B7D0B1 /* Social.framework */; };
		FD775BD61B4EBA4400B7D0B1 /* SwiftyJSON.swift in Sources */ = {isa = PBXBuildFile; fileRef = FD775BD51B4EBA4400B7D0B1 /* SwiftyJSON.swift */; };
		FD9BDE221B55756000049DEB /* ContactInfoUpdater.swift in Sources */ = {isa = PBXBuildFile; fileRef = FD9BDE211B55756000049DEB /* ContactInfoUpdater.swift */; };
		FD9BDE261B55764300049DEB /* BaseUpdater.swift in Sources */ = {isa = PBXBuildFile; fileRef = FD9BDE251B55764300049DEB /* BaseUpdater.swift */; };
		FDB90C511B43EA310003B3D2 /* AppDelegate.swift in Sources */ = {isa = PBXBuildFile; fileRef = FDB90C501B43EA310003B3D2 /* AppDelegate.swift */; };
		FDB90C561B43EA310003B3D2 /* Providers.storyboard in Resources */ = {isa = PBXBuildFile; fileRef = FDB90C541B43EA310003B3D2 /* Providers.storyboard */; };
		FDB90C581B43EA310003B3D2 /* Images.xcassets in Resources */ = {isa = PBXBuildFile; fileRef = FDB90C571B43EA310003B3D2 /* Images.xcassets */; };
		FDB90C5B1B43EA310003B3D2 /* LaunchScreen.xib in Resources */ = {isa = PBXBuildFile; fileRef = FDB90C591B43EA310003B3D2 /* LaunchScreen.xib */; };
		FDB90C671B43EA310003B3D2 /* BLKWaterDeliveryTests.swift in Sources */ = {isa = PBXBuildFile; fileRef = FDB90C661B43EA310003B3D2 /* BLKWaterDeliveryTests.swift */; };
		FDB90C721B43F8220003B3D2 /* SelectProviderViewController.swift in Sources */ = {isa = PBXBuildFile; fileRef = FDB90C711B43F8220003B3D2 /* SelectProviderViewController.swift */; };
		FDB90C741B43FDF60003B3D2 /* ProviderInfoViewController.swift in Sources */ = {isa = PBXBuildFile; fileRef = FDB90C731B43FDF60003B3D2 /* ProviderInfoViewController.swift */; };
		FDB90C791B4400F10003B3D2 /* MakeOrder.storyboard in Resources */ = {isa = PBXBuildFile; fileRef = FDB90C771B4400F10003B3D2 /* MakeOrder.storyboard */; };
		FDB90C7C1B4401770003B3D2 /* MakeOrderViewController.swift in Sources */ = {isa = PBXBuildFile; fileRef = FDB90C7B1B4401770003B3D2 /* MakeOrderViewController.swift */; };
		FDB90C7E1B4402200003B3D2 /* InputContactInfoViewController.swift in Sources */ = {isa = PBXBuildFile; fileRef = FDB90C7D1B4402200003B3D2 /* InputContactInfoViewController.swift */; };
		FDB90C811B4407090003B3D2 /* Profile.storyboard in Resources */ = {isa = PBXBuildFile; fileRef = FDB90C7F1B4407090003B3D2 /* Profile.storyboard */; };
		FDB90C831B4407780003B3D2 /* ProfileViewController.swift in Sources */ = {isa = PBXBuildFile; fileRef = FDB90C821B4407780003B3D2 /* ProfileViewController.swift */; };
		FDB90C851B4407820003B3D2 /* OrdersViewController.swift in Sources */ = {isa = PBXBuildFile; fileRef = FDB90C841B4407820003B3D2 /* OrdersViewController.swift */; };
		FDD39D901B47F86700D81FFB /* Parse.framework in Frameworks */ = {isa = PBXBuildFile; fileRef = FDD39D8E1B47F86700D81FFB /* Parse.framework */; };
		FDD39D911B47F86700D81FFB /* ParseUI.framework in Frameworks */ = {isa = PBXBuildFile; fileRef = FDD39D8F1B47F86700D81FFB /* ParseUI.framework */; };
		FDD39D931B47F8C600D81FFB /* Bolts.framework in Frameworks */ = {isa = PBXBuildFile; fileRef = FDD39D921B47F8C600D81FFB /* Bolts.framework */; };
		FDD39D951B47F8E000D81FFB /* CoreLocation.framework in Frameworks */ = {isa = PBXBuildFile; fileRef = FDD39D941B47F8E000D81FFB /* CoreLocation.framework */; };
		FDD39D971B47F8E500D81FFB /* StoreKit.framework in Frameworks */ = {isa = PBXBuildFile; fileRef = FDD39D961B47F8E500D81FFB /* StoreKit.framework */; };
		FDD39D991B47F8EE00D81FFB /* CoreGraphics.framework in Frameworks */ = {isa = PBXBuildFile; fileRef = FDD39D981B47F8EE00D81FFB /* CoreGraphics.framework */; };
		FDD39D9B1B47F8F500D81FFB /* QuartzCore.framework in Frameworks */ = {isa = PBXBuildFile; fileRef = FDD39D9A1B47F8F500D81FFB /* QuartzCore.framework */; };
		FDD39D9D1B47F91000D81FFB /* AudioToolbox.framework in Frameworks */ = {isa = PBXBuildFile; fileRef = FDD39D9C1B47F91000D81FFB /* AudioToolbox.framework */; };
		FDD39D9F1B47F91F00D81FFB /* CFNetwork.framework in Frameworks */ = {isa = PBXBuildFile; fileRef = FDD39D9E1B47F91F00D81FFB /* CFNetwork.framework */; };
		FDD39DA11B47F92900D81FFB /* MobileCoreServices.framework in Frameworks */ = {isa = PBXBuildFile; fileRef = FDD39DA01B47F92900D81FFB /* MobileCoreServices.framework */; };
		FDD39DA31B47F93200D81FFB /* Security.framework in Frameworks */ = {isa = PBXBuildFile; fileRef = FDD39DA21B47F93200D81FFB /* Security.framework */; };
		FDD39DA51B47F93B00D81FFB /* SystemConfiguration.framework in Frameworks */ = {isa = PBXBuildFile; fileRef = FDD39DA41B47F93B00D81FFB /* SystemConfiguration.framework */; };
		FDD39DA71B47F94400D81FFB /* libz.dylib in Frameworks */ = {isa = PBXBuildFile; fileRef = FDD39DA61B47F94400D81FFB /* libz.dylib */; };
		FDD39DA91B47F94D00D81FFB /* libsqlite3.dylib in Frameworks */ = {isa = PBXBuildFile; fileRef = FDD39DA81B47F94D00D81FFB /* libsqlite3.dylib */; };
		FDD39DAB1B49699B00D81FFB /* ParseRequestsWrapper.swift in Sources */ = {isa = PBXBuildFile; fileRef = FDD39DAA1B49699B00D81FFB /* ParseRequestsWrapper.swift */; };
		FDE394C51B4C4CD300531870 /* ContactInfoObjectCreator.swift in Sources */ = {isa = PBXBuildFile; fileRef = FDE394C21B4C4CD300531870 /* ContactInfoObjectCreator.swift */; };
		FDE394C61B4C4CD300531870 /* ObjectCreator.swift in Sources */ = {isa = PBXBuildFile; fileRef = FDE394C31B4C4CD300531870 /* ObjectCreator.swift */; };
		FDE394C71B4C4CD300531870 /* ProviderObjectCreator.swift in Sources */ = {isa = PBXBuildFile; fileRef = FDE394C41B4C4CD300531870 /* ProviderObjectCreator.swift */; };
		FDE394C91B4C4CEB00531870 /* ObjectCreatorFactory.swift in Sources */ = {isa = PBXBuildFile; fileRef = FDE394C81B4C4CEB00531870 /* ObjectCreatorFactory.swift */; };
		FDE394CE1B4C4D8800531870 /* RemoteCommunicator.swift in Sources */ = {isa = PBXBuildFile; fileRef = FDE394CD1B4C4D8800531870 /* RemoteCommunicator.swift */; };
		FDE394D01B4C4E2900531870 /* ProvidersRemoteCommunicator.swift in Sources */ = {isa = PBXBuildFile; fileRef = FDE394CF1B4C4E2900531870 /* ProvidersRemoteCommunicator.swift */; };
		FDE394D21B4C4EBB00531870 /* ContactInfoRemoteCommunicator.swift in Sources */ = {isa = PBXBuildFile; fileRef = FDE394D11B4C4EBB00531870 /* ContactInfoRemoteCommunicator.swift */; };
		FDE394D41B4C4EF100531870 /* RemoteCommunicatorFactory.swift in Sources */ = {isa = PBXBuildFile; fileRef = FDE394D31B4C4EF100531870 /* RemoteCommunicatorFactory.swift */; };
		FDE394D61B4C53DE00531870 /* DBManager.swift in Sources */ = {isa = PBXBuildFile; fileRef = FDE394D51B4C53DE00531870 /* DBManager.swift */; };
/* End PBXBuildFile section */

/* Begin PBXContainerItemProxy section */
		FDB90C611B43EA310003B3D2 /* PBXContainerItemProxy */ = {
			isa = PBXContainerItemProxy;
			containerPortal = FDB90C431B43EA310003B3D2 /* Project object */;
			proxyType = 1;
			remoteGlobalIDString = FDB90C4A1B43EA310003B3D2;
			remoteInfo = BLKWaterDelivery;
		};
/* End PBXContainerItemProxy section */

/* Begin PBXFileReference section */
		564337CEAC8CBA6DB29974C7 /* Pods.debug.xcconfig */ = {isa = PBXFileReference; includeInIndex = 1; lastKnownFileType = text.xcconfig; name = Pods.debug.xcconfig; path = "Pods/Target Support Files/Pods/Pods.debug.xcconfig"; sourceTree = "<group>"; };
		6AC7D2F5E7A06F4DE60B604E /* libPods.a */ = {isa = PBXFileReference; explicitFileType = archive.ar; includeInIndex = 0; path = libPods.a; sourceTree = BUILT_PRODUCTS_DIR; };
		B7E79C6430F8531429992929 /* Pods.release.xcconfig */ = {isa = PBXFileReference; includeInIndex = 1; lastKnownFileType = text.xcconfig; name = Pods.release.xcconfig; path = "Pods/Target Support Files/Pods/Pods.release.xcconfig"; sourceTree = "<group>"; };
		FD0CA6FD1B5433FF00538750 /* BLKWaterDelivery.xcdatamodel */ = {isa = PBXFileReference; lastKnownFileType = wrapper.xcdatamodel; path = BLKWaterDelivery.xcdatamodel; sourceTree = "<group>"; };
		FD0CA7051B543C7300538750 /* LocalDeliveryProviderDataProvider.swift */ = {isa = PBXFileReference; fileEncoding = 4; lastKnownFileType = sourcecode.swift; path = LocalDeliveryProviderDataProvider.swift; sourceTree = "<group>"; };
		FD0CA7071B543D7C00538750 /* JSONParser.swift */ = {isa = PBXFileReference; fileEncoding = 4; lastKnownFileType = sourcecode.swift; path = JSONParser.swift; sourceTree = "<group>"; };
		FD0CA7091B54D05100538750 /* DeliveryProvidersUpdater.swift */ = {isa = PBXFileReference; fileEncoding = 4; lastKnownFileType = sourcecode.swift; path = DeliveryProvidersUpdater.swift; sourceTree = "<group>"; };
		FD0CA70C1B5510C700538750 /* CoreData.framework */ = {isa = PBXFileReference; lastKnownFileType = wrapper.framework; name = CoreData.framework; path = System/Library/Frameworks/CoreData.framework; sourceTree = SDKROOT; };
		FD0CA70E1B55111F00538750 /* BLKWaterDelivery-Bridging-Header.h */ = {isa = PBXFileReference; fileEncoding = 4; lastKnownFileType = sourcecode.c.h; path = "BLKWaterDelivery-Bridging-Header.h"; sourceTree = SOURCE_ROOT; };
		FD10C3741B57CBC400584432 /* ContactInfo+CoreDataProperties.swift */ = {isa = PBXFileReference; fileEncoding = 4; lastKnownFileType = sourcecode.swift; path = "ContactInfo+CoreDataProperties.swift"; sourceTree = "<group>"; };
		FD10C3751B57CBC400584432 /* ContactInfo.swift */ = {isa = PBXFileReference; fileEncoding = 4; lastKnownFileType = sourcecode.swift; path = ContactInfo.swift; sourceTree = "<group>"; };
		FD10C3761B57CBC400584432 /* DeliveryProvider+CoreDataProperties.swift */ = {isa = PBXFileReference; fileEncoding = 4; lastKnownFileType = sourcecode.swift; path = "DeliveryProvider+CoreDataProperties.swift"; sourceTree = "<group>"; };
		FD10C3771B57CBC400584432 /* DeliveryProvider.swift */ = {isa = PBXFileReference; fileEncoding = 4; lastKnownFileType = sourcecode.swift; path = DeliveryProvider.swift; sourceTree = "<group>"; };
		FD10C37F1B57CF1400584432 /* DataProvider.swift */ = {isa = PBXFileReference; fileEncoding = 4; lastKnownFileType = sourcecode.swift; path = DataProvider.swift; sourceTree = "<group>"; };
		FD10C3801B57CF1400584432 /* EntityDataProvider.swift */ = {isa = PBXFileReference; fileEncoding = 4; lastKnownFileType = sourcecode.swift; path = EntityDataProvider.swift; sourceTree = "<group>"; };
		FD10C3821B57CF1400584432 /* DeliveryProviderDataFactory.swift */ = {isa = PBXFileReference; fileEncoding = 4; lastKnownFileType = sourcecode.swift; path = DeliveryProviderDataFactory.swift; sourceTree = "<group>"; };
		FD10C3831B57CF1400584432 /* ObjectLoadingFactory.swift */ = {isa = PBXFileReference; fileEncoding = 4; lastKnownFileType = sourcecode.swift; path = ObjectLoadingFactory.swift; sourceTree = "<group>"; };
		FD1713691B457FBA005110AD /* SelectProviderDatasource.swift */ = {isa = PBXFileReference; fileEncoding = 4; lastKnownFileType = sourcecode.swift; path = SelectProviderDatasource.swift; sourceTree = "<group>"; };
		FD17136C1B45807F005110AD /* SelectProviderTableViewCell.swift */ = {isa = PBXFileReference; fileEncoding = 4; lastKnownFileType = sourcecode.swift; path = SelectProviderTableViewCell.swift; sourceTree = "<group>"; };
		FD1E23DD1B4EE7750086F609 /* LocalDataProvider.swift */ = {isa = PBXFileReference; fileEncoding = 4; lastKnownFileType = sourcecode.swift; path = LocalDataProvider.swift; sourceTree = "<group>"; };
		FD272A011B51A61C00398126 /* Updater.swift */ = {isa = PBXFileReference; fileEncoding = 4; lastKnownFileType = sourcecode.swift; path = Updater.swift; sourceTree = "<group>"; };
		FD272A031B51A65B00398126 /* ReachabilityChecker.swift */ = {isa = PBXFileReference; fileEncoding = 4; lastKnownFileType = sourcecode.swift; path = ReachabilityChecker.swift; sourceTree = "<group>"; };
		FD775BD01B4EB9C400B7D0B1 /* Accounts.framework */ = {isa = PBXFileReference; lastKnownFileType = wrapper.framework; name = Accounts.framework; path = System/Library/Frameworks/Accounts.framework; sourceTree = SDKROOT; };
		FD775BD21B4EB9D700B7D0B1 /* Social.framework */ = {isa = PBXFileReference; lastKnownFileType = wrapper.framework; name = Social.framework; path = System/Library/Frameworks/Social.framework; sourceTree = SDKROOT; };
		FD775BD51B4EBA4400B7D0B1 /* SwiftyJSON.swift */ = {isa = PBXFileReference; fileEncoding = 4; lastKnownFileType = sourcecode.swift; path = SwiftyJSON.swift; sourceTree = "<group>"; };
		FD9BDE211B55756000049DEB /* ContactInfoUpdater.swift */ = {isa = PBXFileReference; fileEncoding = 4; lastKnownFileType = sourcecode.swift; path = ContactInfoUpdater.swift; sourceTree = "<group>"; };
		FD9BDE251B55764300049DEB /* BaseUpdater.swift */ = {isa = PBXFileReference; fileEncoding = 4; lastKnownFileType = sourcecode.swift; path = BaseUpdater.swift; sourceTree = "<group>"; };
		FDB90C4B1B43EA310003B3D2 /* BLKWaterDelivery.app */ = {isa = PBXFileReference; explicitFileType = wrapper.application; includeInIndex = 0; path = BLKWaterDelivery.app; sourceTree = BUILT_PRODUCTS_DIR; };
		FDB90C4F1B43EA310003B3D2 /* Info.plist */ = {isa = PBXFileReference; lastKnownFileType = text.plist.xml; path = Info.plist; sourceTree = "<group>"; };
		FDB90C501B43EA310003B3D2 /* AppDelegate.swift */ = {isa = PBXFileReference; lastKnownFileType = sourcecode.swift; path = AppDelegate.swift; sourceTree = "<group>"; };
		FDB90C551B43EA310003B3D2 /* Base */ = {isa = PBXFileReference; lastKnownFileType = file.storyboard; name = Base; path = Base.lproj/Providers.storyboard; sourceTree = "<group>"; };
		FDB90C571B43EA310003B3D2 /* Images.xcassets */ = {isa = PBXFileReference; lastKnownFileType = folder.assetcatalog; path = Images.xcassets; sourceTree = "<group>"; };
		FDB90C5A1B43EA310003B3D2 /* Base */ = {isa = PBXFileReference; lastKnownFileType = file.xib; name = Base; path = Base.lproj/LaunchScreen.xib; sourceTree = "<group>"; };
		FDB90C601B43EA310003B3D2 /* BLKWaterDeliveryTests.xctest */ = {isa = PBXFileReference; explicitFileType = wrapper.cfbundle; includeInIndex = 0; path = BLKWaterDeliveryTests.xctest; sourceTree = BUILT_PRODUCTS_DIR; };
		FDB90C651B43EA310003B3D2 /* Info.plist */ = {isa = PBXFileReference; lastKnownFileType = text.plist.xml; path = Info.plist; sourceTree = "<group>"; };
		FDB90C661B43EA310003B3D2 /* BLKWaterDeliveryTests.swift */ = {isa = PBXFileReference; lastKnownFileType = sourcecode.swift; path = BLKWaterDeliveryTests.swift; sourceTree = "<group>"; };
		FDB90C711B43F8220003B3D2 /* SelectProviderViewController.swift */ = {isa = PBXFileReference; fileEncoding = 4; lastKnownFileType = sourcecode.swift; path = SelectProviderViewController.swift; sourceTree = "<group>"; };
		FDB90C731B43FDF60003B3D2 /* ProviderInfoViewController.swift */ = {isa = PBXFileReference; fileEncoding = 4; lastKnownFileType = sourcecode.swift; path = ProviderInfoViewController.swift; sourceTree = "<group>"; };
		FDB90C781B4400F10003B3D2 /* Base */ = {isa = PBXFileReference; lastKnownFileType = file.storyboard; name = Base; path = Base.lproj/MakeOrder.storyboard; sourceTree = "<group>"; };
		FDB90C7B1B4401770003B3D2 /* MakeOrderViewController.swift */ = {isa = PBXFileReference; fileEncoding = 4; lastKnownFileType = sourcecode.swift; path = MakeOrderViewController.swift; sourceTree = "<group>"; };
		FDB90C7D1B4402200003B3D2 /* InputContactInfoViewController.swift */ = {isa = PBXFileReference; fileEncoding = 4; lastKnownFileType = sourcecode.swift; path = InputContactInfoViewController.swift; sourceTree = "<group>"; };
		FDB90C801B4407090003B3D2 /* Base */ = {isa = PBXFileReference; lastKnownFileType = file.storyboard; name = Base; path = Base.lproj/Profile.storyboard; sourceTree = "<group>"; };
		FDB90C821B4407780003B3D2 /* ProfileViewController.swift */ = {isa = PBXFileReference; fileEncoding = 4; lastKnownFileType = sourcecode.swift; path = ProfileViewController.swift; sourceTree = "<group>"; };
		FDB90C841B4407820003B3D2 /* OrdersViewController.swift */ = {isa = PBXFileReference; fileEncoding = 4; lastKnownFileType = sourcecode.swift; path = OrdersViewController.swift; sourceTree = "<group>"; };
		FDD39D8E1B47F86700D81FFB /* Parse.framework */ = {isa = PBXFileReference; lastKnownFileType = wrapper.framework; path = Parse.framework; sourceTree = "<group>"; };
		FDD39D8F1B47F86700D81FFB /* ParseUI.framework */ = {isa = PBXFileReference; lastKnownFileType = wrapper.framework; path = ParseUI.framework; sourceTree = "<group>"; };
		FDD39D921B47F8C600D81FFB /* Bolts.framework */ = {isa = PBXFileReference; lastKnownFileType = wrapper.framework; path = Bolts.framework; sourceTree = "<group>"; };
		FDD39D941B47F8E000D81FFB /* CoreLocation.framework */ = {isa = PBXFileReference; lastKnownFileType = wrapper.framework; name = CoreLocation.framework; path = System/Library/Frameworks/CoreLocation.framework; sourceTree = SDKROOT; };
		FDD39D961B47F8E500D81FFB /* StoreKit.framework */ = {isa = PBXFileReference; lastKnownFileType = wrapper.framework; name = StoreKit.framework; path = System/Library/Frameworks/StoreKit.framework; sourceTree = SDKROOT; };
		FDD39D981B47F8EE00D81FFB /* CoreGraphics.framework */ = {isa = PBXFileReference; lastKnownFileType = wrapper.framework; name = CoreGraphics.framework; path = System/Library/Frameworks/CoreGraphics.framework; sourceTree = SDKROOT; };
		FDD39D9A1B47F8F500D81FFB /* QuartzCore.framework */ = {isa = PBXFileReference; lastKnownFileType = wrapper.framework; name = QuartzCore.framework; path = System/Library/Frameworks/QuartzCore.framework; sourceTree = SDKROOT; };
		FDD39D9C1B47F91000D81FFB /* AudioToolbox.framework */ = {isa = PBXFileReference; lastKnownFileType = wrapper.framework; name = AudioToolbox.framework; path = System/Library/Frameworks/AudioToolbox.framework; sourceTree = SDKROOT; };
		FDD39D9E1B47F91F00D81FFB /* CFNetwork.framework */ = {isa = PBXFileReference; lastKnownFileType = wrapper.framework; name = CFNetwork.framework; path = System/Library/Frameworks/CFNetwork.framework; sourceTree = SDKROOT; };
		FDD39DA01B47F92900D81FFB /* MobileCoreServices.framework */ = {isa = PBXFileReference; lastKnownFileType = wrapper.framework; name = MobileCoreServices.framework; path = System/Library/Frameworks/MobileCoreServices.framework; sourceTree = SDKROOT; };
		FDD39DA21B47F93200D81FFB /* Security.framework */ = {isa = PBXFileReference; lastKnownFileType = wrapper.framework; name = Security.framework; path = System/Library/Frameworks/Security.framework; sourceTree = SDKROOT; };
		FDD39DA41B47F93B00D81FFB /* SystemConfiguration.framework */ = {isa = PBXFileReference; lastKnownFileType = wrapper.framework; name = SystemConfiguration.framework; path = System/Library/Frameworks/SystemConfiguration.framework; sourceTree = SDKROOT; };
		FDD39DA61B47F94400D81FFB /* libz.dylib */ = {isa = PBXFileReference; lastKnownFileType = "compiled.mach-o.dylib"; name = libz.dylib; path = usr/lib/libz.dylib; sourceTree = SDKROOT; };
		FDD39DA81B47F94D00D81FFB /* libsqlite3.dylib */ = {isa = PBXFileReference; lastKnownFileType = "compiled.mach-o.dylib"; name = libsqlite3.dylib; path = usr/lib/libsqlite3.dylib; sourceTree = SDKROOT; };
		FDD39DAA1B49699B00D81FFB /* ParseRequestsWrapper.swift */ = {isa = PBXFileReference; fileEncoding = 4; lastKnownFileType = sourcecode.swift; path = ParseRequestsWrapper.swift; sourceTree = "<group>"; };
		FDE394C21B4C4CD300531870 /* ContactInfoObjectCreator.swift */ = {isa = PBXFileReference; fileEncoding = 4; lastKnownFileType = sourcecode.swift; path = ContactInfoObjectCreator.swift; sourceTree = "<group>"; };
		FDE394C31B4C4CD300531870 /* ObjectCreator.swift */ = {isa = PBXFileReference; fileEncoding = 4; lastKnownFileType = sourcecode.swift; path = ObjectCreator.swift; sourceTree = "<group>"; };
		FDE394C41B4C4CD300531870 /* ProviderObjectCreator.swift */ = {isa = PBXFileReference; fileEncoding = 4; lastKnownFileType = sourcecode.swift; path = ProviderObjectCreator.swift; sourceTree = "<group>"; };
		FDE394C81B4C4CEB00531870 /* ObjectCreatorFactory.swift */ = {isa = PBXFileReference; fileEncoding = 4; lastKnownFileType = sourcecode.swift; path = ObjectCreatorFactory.swift; sourceTree = "<group>"; };
		FDE394CD1B4C4D8800531870 /* RemoteCommunicator.swift */ = {isa = PBXFileReference; fileEncoding = 4; lastKnownFileType = sourcecode.swift; path = RemoteCommunicator.swift; sourceTree = "<group>"; };
		FDE394CF1B4C4E2900531870 /* ProvidersRemoteCommunicator.swift */ = {isa = PBXFileReference; fileEncoding = 4; lastKnownFileType = sourcecode.swift; path = ProvidersRemoteCommunicator.swift; sourceTree = "<group>"; };
		FDE394D11B4C4EBB00531870 /* ContactInfoRemoteCommunicator.swift */ = {isa = PBXFileReference; fileEncoding = 4; lastKnownFileType = sourcecode.swift; path = ContactInfoRemoteCommunicator.swift; sourceTree = "<group>"; };
		FDE394D31B4C4EF100531870 /* RemoteCommunicatorFactory.swift */ = {isa = PBXFileReference; fileEncoding = 4; lastKnownFileType = sourcecode.swift; path = RemoteCommunicatorFactory.swift; sourceTree = "<group>"; };
		FDE394D51B4C53DE00531870 /* DBManager.swift */ = {isa = PBXFileReference; fileEncoding = 4; lastKnownFileType = sourcecode.swift; path = DBManager.swift; sourceTree = "<group>"; };
/* End PBXFileReference section */

/* Begin PBXFrameworksBuildPhase section */
		FDB90C481B43EA310003B3D2 /* Frameworks */ = {
			isa = PBXFrameworksBuildPhase;
			buildActionMask = 2147483647;
			files = (
				FD0CA70D1B5510C700538750 /* CoreData.framework in Frameworks */,
				FD775BD31B4EB9D700B7D0B1 /* Social.framework in Frameworks */,
				FD775BD11B4EB9C400B7D0B1 /* Accounts.framework in Frameworks */,
				FDD39DA31B47F93200D81FFB /* Security.framework in Frameworks */,
				FDD39DA91B47F94D00D81FFB /* libsqlite3.dylib in Frameworks */,
				FDD39DA71B47F94400D81FFB /* libz.dylib in Frameworks */,
				FDD39DA51B47F93B00D81FFB /* SystemConfiguration.framework in Frameworks */,
				FDD39DA11B47F92900D81FFB /* MobileCoreServices.framework in Frameworks */,
				FDD39D9F1B47F91F00D81FFB /* CFNetwork.framework in Frameworks */,
				FDD39D9D1B47F91000D81FFB /* AudioToolbox.framework in Frameworks */,
				FDD39D9B1B47F8F500D81FFB /* QuartzCore.framework in Frameworks */,
				FDD39D991B47F8EE00D81FFB /* CoreGraphics.framework in Frameworks */,
				FDD39D971B47F8E500D81FFB /* StoreKit.framework in Frameworks */,
				FDD39D951B47F8E000D81FFB /* CoreLocation.framework in Frameworks */,
				FDD39D931B47F8C600D81FFB /* Bolts.framework in Frameworks */,
				FDD39D911B47F86700D81FFB /* ParseUI.framework in Frameworks */,
				FDD39D901B47F86700D81FFB /* Parse.framework in Frameworks */,
				1657745992D4945444EDD872 /* libPods.a in Frameworks */,
			);
			runOnlyForDeploymentPostprocessing = 0;
		};
		FDB90C5D1B43EA310003B3D2 /* Frameworks */ = {
			isa = PBXFrameworksBuildPhase;
			buildActionMask = 2147483647;
			files = (
			);
			runOnlyForDeploymentPostprocessing = 0;
		};
/* End PBXFrameworksBuildPhase section */

/* Begin PBXGroup section */
		601767DF2854F559F6E8AEAE /* Pods */ = {
			isa = PBXGroup;
			children = (
				564337CEAC8CBA6DB29974C7 /* Pods.debug.xcconfig */,
				B7E79C6430F8531429992929 /* Pods.release.xcconfig */,
			);
			name = Pods;
			sourceTree = "<group>";
		};
		AA3E8BBCF059BADB219E3F27 /* Frameworks */ = {
			isa = PBXGroup;
			children = (
				FD0CA70C1B5510C700538750 /* CoreData.framework */,
				FD775BD21B4EB9D700B7D0B1 /* Social.framework */,
				FD775BD01B4EB9C400B7D0B1 /* Accounts.framework */,
				6AC7D2F5E7A06F4DE60B604E /* libPods.a */,
			);
			name = Frameworks;
			sourceTree = "<group>";
		};
		FD10C3731B57CBC400584432 /* entities */ = {
			isa = PBXGroup;
			children = (
				FD10C3741B57CBC400584432 /* ContactInfo+CoreDataProperties.swift */,
				FD10C3751B57CBC400584432 /* ContactInfo.swift */,
				FD10C3761B57CBC400584432 /* DeliveryProvider+CoreDataProperties.swift */,
				FD10C3771B57CBC400584432 /* DeliveryProvider.swift */,
			);
			path = entities;
			sourceTree = "<group>";
		};
		FD10C37E1B57CF1400584432 /* dataProvider */ = {
			isa = PBXGroup;
			children = (
				FD10C37F1B57CF1400584432 /* DataProvider.swift */,
				FD10C3801B57CF1400584432 /* EntityDataProvider.swift */,
			);
			path = dataProvider;
			sourceTree = "<group>";
		};
		FD10C3811B57CF1400584432 /* objectLoadingFactories */ = {
			isa = PBXGroup;
			children = (
				FD10C3821B57CF1400584432 /* DeliveryProviderDataFactory.swift */,
				FD10C3831B57CF1400584432 /* ObjectLoadingFactory.swift */,
			);
			path = objectLoadingFactories;
			sourceTree = "<group>";
		};
		FD1713681B457F9F005110AD /* datasources */ = {
			isa = PBXGroup;
			children = (
				FD1713691B457FBA005110AD /* SelectProviderDatasource.swift */,
			);
			path = datasources;
			sourceTree = "<group>";
		};
		FD17136B1B458065005110AD /* views */ = {
			isa = PBXGroup;
			children = (
				FD17136C1B45807F005110AD /* SelectProviderTableViewCell.swift */,
			);
			path = views;
			sourceTree = "<group>";
		};
		FD1713731B45C3CA005110AD /* network */ = {
			isa = PBXGroup;
			children = (
				FD775BDF1B4EBC1600B7D0B1 /* parser */,
				FDE394CC1B4C4D8800531870 /* remoteCommunicator */,
				FDD39DAA1B49699B00D81FFB /* ParseRequestsWrapper.swift */,
				FD272A031B51A65B00398126 /* ReachabilityChecker.swift */,
			);
			path = network;
			sourceTree = "<group>";
		};
		FD1E23DC1B4EE75C0086F609 /* localDataProviders */ = {
			isa = PBXGroup;
			children = (
				FD1E23DD1B4EE7750086F609 /* LocalDataProvider.swift */,
				FD0CA7051B543C7300538750 /* LocalDeliveryProviderDataProvider.swift */,
			);
			path = localDataProviders;
			sourceTree = "<group>";
		};
		FD272A001B51A61300398126 /* updaters */ = {
			isa = PBXGroup;
			children = (
				FD272A011B51A61C00398126 /* Updater.swift */,
				FD0CA7091B54D05100538750 /* DeliveryProvidersUpdater.swift */,
				FD9BDE211B55756000049DEB /* ContactInfoUpdater.swift */,
				FD9BDE251B55764300049DEB /* BaseUpdater.swift */,
			);
			path = updaters;
			sourceTree = "<group>";
		};
		FD775BD41B4EBA4400B7D0B1 /* thirdParty */ = {
			isa = PBXGroup;
			children = (
				FD775BD51B4EBA4400B7D0B1 /* SwiftyJSON.swift */,
			);
			path = thirdParty;
			sourceTree = "<group>";
		};
		FD775BDF1B4EBC1600B7D0B1 /* parser */ = {
			isa = PBXGroup;
			children = (
				FD0CA7071B543D7C00538750 /* JSONParser.swift */,
			);
			path = parser;
			sourceTree = "<group>";
		};
		FDB90C421B43EA310003B3D2 = {
			isa = PBXGroup;
			children = (
				FDB90C4D1B43EA310003B3D2 /* BLKWaterDelivery */,
				FDB90C631B43EA310003B3D2 /* BLKWaterDeliveryTests */,
				FDB90C4C1B43EA310003B3D2 /* Products */,
				601767DF2854F559F6E8AEAE /* Pods */,
				AA3E8BBCF059BADB219E3F27 /* Frameworks */,
			);
			sourceTree = "<group>";
		};
		FDB90C4C1B43EA310003B3D2 /* Products */ = {
			isa = PBXGroup;
			children = (
				FDB90C4B1B43EA310003B3D2 /* BLKWaterDelivery.app */,
				FDB90C601B43EA310003B3D2 /* BLKWaterDeliveryTests.xctest */,
			);
			name = Products;
			sourceTree = "<group>";
		};
		FDB90C4D1B43EA310003B3D2 /* BLKWaterDelivery */ = {
			isa = PBXGroup;
			children = (
				FD0CA70E1B55111F00538750 /* BLKWaterDelivery-Bridging-Header.h */,
				FD775BD41B4EBA4400B7D0B1 /* thirdParty */,
				FDE394BA1B4C4BBB00531870 /* model */,
				FDD39D8D1B47F86700D81FFB /* frameworks */,
				FD1713731B45C3CA005110AD /* network */,
				FD17136B1B458065005110AD /* views */,
				FD1713681B457F9F005110AD /* datasources */,
				FDB90C7A1B4400F80003B3D2 /* storyboards */,
				FDB90C701B43F8220003B3D2 /* viewControllers */,
				FDB90C501B43EA310003B3D2 /* AppDelegate.swift */,
				FDB90C571B43EA310003B3D2 /* Images.xcassets */,
				FDB90C591B43EA310003B3D2 /* LaunchScreen.xib */,
				FDB90C4E1B43EA310003B3D2 /* Supporting Files */,
			);
			path = BLKWaterDelivery;
			sourceTree = "<group>";
		};
		FDB90C4E1B43EA310003B3D2 /* Supporting Files */ = {
			isa = PBXGroup;
			children = (
				FDB90C4F1B43EA310003B3D2 /* Info.plist */,
			);
			name = "Supporting Files";
			sourceTree = "<group>";
		};
		FDB90C631B43EA310003B3D2 /* BLKWaterDeliveryTests */ = {
			isa = PBXGroup;
			children = (
				FDB90C661B43EA310003B3D2 /* BLKWaterDeliveryTests.swift */,
				FDB90C641B43EA310003B3D2 /* Supporting Files */,
			);
			path = BLKWaterDeliveryTests;
			sourceTree = "<group>";
		};
		FDB90C641B43EA310003B3D2 /* Supporting Files */ = {
			isa = PBXGroup;
			children = (
				FDB90C651B43EA310003B3D2 /* Info.plist */,
			);
			name = "Supporting Files";
			sourceTree = "<group>";
		};
		FDB90C701B43F8220003B3D2 /* viewControllers */ = {
			isa = PBXGroup;
			children = (
				FDB90C711B43F8220003B3D2 /* SelectProviderViewController.swift */,
				FDB90C731B43FDF60003B3D2 /* ProviderInfoViewController.swift */,
				FDB90C7B1B4401770003B3D2 /* MakeOrderViewController.swift */,
				FDB90C7D1B4402200003B3D2 /* InputContactInfoViewController.swift */,
				FDB90C821B4407780003B3D2 /* ProfileViewController.swift */,
				FDB90C841B4407820003B3D2 /* OrdersViewController.swift */,
			);
			path = viewControllers;
			sourceTree = "<group>";
		};
		FDB90C7A1B4400F80003B3D2 /* storyboards */ = {
			isa = PBXGroup;
			children = (
				FDB90C771B4400F10003B3D2 /* MakeOrder.storyboard */,
				FDB90C541B43EA310003B3D2 /* Providers.storyboard */,
				FDB90C7F1B4407090003B3D2 /* Profile.storyboard */,
			);
			name = storyboards;
			sourceTree = "<group>";
		};
		FDD39D8D1B47F86700D81FFB /* frameworks */ = {
			isa = PBXGroup;
			children = (
				FDD39DA81B47F94D00D81FFB /* libsqlite3.dylib */,
				FDD39DA61B47F94400D81FFB /* libz.dylib */,
				FDD39DA41B47F93B00D81FFB /* SystemConfiguration.framework */,
				FDD39DA21B47F93200D81FFB /* Security.framework */,
				FDD39DA01B47F92900D81FFB /* MobileCoreServices.framework */,
				FDD39D9E1B47F91F00D81FFB /* CFNetwork.framework */,
				FDD39D9C1B47F91000D81FFB /* AudioToolbox.framework */,
				FDD39D9A1B47F8F500D81FFB /* QuartzCore.framework */,
				FDD39D981B47F8EE00D81FFB /* CoreGraphics.framework */,
				FDD39D961B47F8E500D81FFB /* StoreKit.framework */,
				FDD39D941B47F8E000D81FFB /* CoreLocation.framework */,
				FDD39D921B47F8C600D81FFB /* Bolts.framework */,
				FDD39D8E1B47F86700D81FFB /* Parse.framework */,
				FDD39D8F1B47F86700D81FFB /* ParseUI.framework */,
			);
			path = frameworks;
			sourceTree = "<group>";
		};
		FDE394BA1B4C4BBB00531870 /* model */ = {
			isa = PBXGroup;
			children = (
				FD10C37E1B57CF1400584432 /* dataProvider */,
				FD10C3811B57CF1400584432 /* objectLoadingFactories */,
				FD10C3731B57CBC400584432 /* entities */,
				FD272A001B51A61300398126 /* updaters */,
				FD1E23DC1B4EE75C0086F609 /* localDataProviders */,
				FDE394C11B4C4CD300531870 /* objectCreators */,
				FDE394D51B4C53DE00531870 /* DBManager.swift */,
				FD0CA6FC1B5433FF00538750 /* BLKWaterDelivery.xcdatamodeld */,
			);
			path = model;
			sourceTree = "<group>";
		};
		FDE394C11B4C4CD300531870 /* objectCreators */ = {
			isa = PBXGroup;
			children = (
				FDE394C21B4C4CD300531870 /* ContactInfoObjectCreator.swift */,
				FDE394C31B4C4CD300531870 /* ObjectCreator.swift */,
				FDE394C41B4C4CD300531870 /* ProviderObjectCreator.swift */,
				FDE394C81B4C4CEB00531870 /* ObjectCreatorFactory.swift */,
			);
			path = objectCreators;
			sourceTree = "<group>";
		};
		FDE394CC1B4C4D8800531870 /* remoteCommunicator */ = {
			isa = PBXGroup;
			children = (
				FDE394CD1B4C4D8800531870 /* RemoteCommunicator.swift */,
				FDE394CF1B4C4E2900531870 /* ProvidersRemoteCommunicator.swift */,
				FDE394D11B4C4EBB00531870 /* ContactInfoRemoteCommunicator.swift */,
				FDE394D31B4C4EF100531870 /* RemoteCommunicatorFactory.swift */,
			);
			path = remoteCommunicator;
			sourceTree = "<group>";
		};
/* End PBXGroup section */

/* Begin PBXNativeTarget section */
		FDB90C4A1B43EA310003B3D2 /* BLKWaterDelivery */ = {
			isa = PBXNativeTarget;
			buildConfigurationList = FDB90C6A1B43EA310003B3D2 /* Build configuration list for PBXNativeTarget "BLKWaterDelivery" */;
			buildPhases = (
				858D8C900F2FC9F9E13AE553 /* Check Pods Manifest.lock */,
				FDB90C471B43EA310003B3D2 /* Sources */,
				FDB90C481B43EA310003B3D2 /* Frameworks */,
				FDB90C491B43EA310003B3D2 /* Resources */,
				CD04FF66685F108993F6FA13 /* Copy Pods Resources */,
			);
			buildRules = (
			);
			dependencies = (
			);
			name = BLKWaterDelivery;
			productName = BLKWaterDelivery;
			productReference = FDB90C4B1B43EA310003B3D2 /* BLKWaterDelivery.app */;
			productType = "com.apple.product-type.application";
		};
		FDB90C5F1B43EA310003B3D2 /* BLKWaterDeliveryTests */ = {
			isa = PBXNativeTarget;
			buildConfigurationList = FDB90C6D1B43EA310003B3D2 /* Build configuration list for PBXNativeTarget "BLKWaterDeliveryTests" */;
			buildPhases = (
				FDB90C5C1B43EA310003B3D2 /* Sources */,
				FDB90C5D1B43EA310003B3D2 /* Frameworks */,
				FDB90C5E1B43EA310003B3D2 /* Resources */,
			);
			buildRules = (
			);
			dependencies = (
				FDB90C621B43EA310003B3D2 /* PBXTargetDependency */,
			);
			name = BLKWaterDeliveryTests;
			productName = BLKWaterDeliveryTests;
			productReference = FDB90C601B43EA310003B3D2 /* BLKWaterDeliveryTests.xctest */;
			productType = "com.apple.product-type.bundle.unit-test";
		};
/* End PBXNativeTarget section */

/* Begin PBXProject section */
		FDB90C431B43EA310003B3D2 /* Project object */ = {
			isa = PBXProject;
			attributes = {
				LastSwiftUpdateCheck = 0700;
				LastUpgradeCheck = 0630;
				ORGANIZATIONNAME = black9;
				TargetAttributes = {
					FDB90C4A1B43EA310003B3D2 = {
						CreatedOnToolsVersion = 6.3.2;
					};
					FDB90C5F1B43EA310003B3D2 = {
						CreatedOnToolsVersion = 6.3.2;
						TestTargetID = FDB90C4A1B43EA310003B3D2;
					};
				};
			};
			buildConfigurationList = FDB90C461B43EA310003B3D2 /* Build configuration list for PBXProject "BLKWaterDelivery" */;
			compatibilityVersion = "Xcode 3.2";
			developmentRegion = English;
			hasScannedForEncodings = 0;
			knownRegions = (
				en,
				Base,
			);
			mainGroup = FDB90C421B43EA310003B3D2;
			productRefGroup = FDB90C4C1B43EA310003B3D2 /* Products */;
			projectDirPath = "";
			projectRoot = "";
			targets = (
				FDB90C4A1B43EA310003B3D2 /* BLKWaterDelivery */,
				FDB90C5F1B43EA310003B3D2 /* BLKWaterDeliveryTests */,
			);
		};
/* End PBXProject section */

/* Begin PBXResourcesBuildPhase section */
		FDB90C491B43EA310003B3D2 /* Resources */ = {
			isa = PBXResourcesBuildPhase;
			buildActionMask = 2147483647;
			files = (
				FDB90C561B43EA310003B3D2 /* Providers.storyboard in Resources */,
				FDB90C791B4400F10003B3D2 /* MakeOrder.storyboard in Resources */,
				FDB90C811B4407090003B3D2 /* Profile.storyboard in Resources */,
				FDB90C5B1B43EA310003B3D2 /* LaunchScreen.xib in Resources */,
				FDB90C581B43EA310003B3D2 /* Images.xcassets in Resources */,
			);
			runOnlyForDeploymentPostprocessing = 0;
		};
		FDB90C5E1B43EA310003B3D2 /* Resources */ = {
			isa = PBXResourcesBuildPhase;
			buildActionMask = 2147483647;
			files = (
			);
			runOnlyForDeploymentPostprocessing = 0;
		};
/* End PBXResourcesBuildPhase section */

/* Begin PBXShellScriptBuildPhase section */
		858D8C900F2FC9F9E13AE553 /* Check Pods Manifest.lock */ = {
			isa = PBXShellScriptBuildPhase;
			buildActionMask = 2147483647;
			files = (
			);
			inputPaths = (
			);
			name = "Check Pods Manifest.lock";
			outputPaths = (
			);
			runOnlyForDeploymentPostprocessing = 0;
			shellPath = /bin/sh;
			shellScript = "diff \"${PODS_ROOT}/../Podfile.lock\" \"${PODS_ROOT}/Manifest.lock\" > /dev/null\nif [[ $? != 0 ]] ; then\n    cat << EOM\nerror: The sandbox is not in sync with the Podfile.lock. Run 'pod install' or update your CocoaPods installation.\nEOM\n    exit 1\nfi\n";
			showEnvVarsInLog = 0;
		};
		CD04FF66685F108993F6FA13 /* Copy Pods Resources */ = {
			isa = PBXShellScriptBuildPhase;
			buildActionMask = 2147483647;
			files = (
			);
			inputPaths = (
			);
			name = "Copy Pods Resources";
			outputPaths = (
			);
			runOnlyForDeploymentPostprocessing = 0;
			shellPath = /bin/sh;
			shellScript = "\"${SRCROOT}/Pods/Target Support Files/Pods/Pods-resources.sh\"\n";
			showEnvVarsInLog = 0;
		};
/* End PBXShellScriptBuildPhase section */

/* Begin PBXSourcesBuildPhase section */
		FDB90C471B43EA310003B3D2 /* Sources */ = {
			isa = PBXSourcesBuildPhase;
			buildActionMask = 2147483647;
			files = (
				FDE394C61B4C4CD300531870 /* ObjectCreator.swift in Sources */,
				FD9BDE261B55764300049DEB /* BaseUpdater.swift in Sources */,
				FD0CA7081B543D7C00538750 /* JSONParser.swift in Sources */,
				FD10C3871B57CF1400584432 /* ObjectLoadingFactory.swift in Sources */,
				FD10C3861B57CF1400584432 /* DeliveryProviderDataFactory.swift in Sources */,
				FD10C37B1B57CBC400584432 /* DeliveryProvider.swift in Sources */,
				FDE394C51B4C4CD300531870 /* ContactInfoObjectCreator.swift in Sources */,
				FD1E23DE1B4EE7750086F609 /* LocalDataProvider.swift in Sources */,
				FDB90C831B4407780003B3D2 /* ProfileViewController.swift in Sources */,
				FD775BD61B4EBA4400B7D0B1 /* SwiftyJSON.swift in Sources */,
				FDB90C511B43EA310003B3D2 /* AppDelegate.swift in Sources */,
				FD0CA7061B543C7300538750 /* LocalDeliveryProviderDataProvider.swift in Sources */,
				FDB90C7E1B4402200003B3D2 /* InputContactInfoViewController.swift in Sources */,
				FD10C3791B57CBC400584432 /* ContactInfo.swift in Sources */,
				FDE394D01B4C4E2900531870 /* ProvidersRemoteCommunicator.swift in Sources */,
				FD9BDE221B55756000049DEB /* ContactInfoUpdater.swift in Sources */,
				FDB90C851B4407820003B3D2 /* OrdersViewController.swift in Sources */,
				FD10C37A1B57CBC400584432 /* DeliveryProvider+CoreDataProperties.swift in Sources */,
				FD272A041B51A65B00398126 /* ReachabilityChecker.swift in Sources */,
				FDB90C7C1B4401770003B3D2 /* MakeOrderViewController.swift in Sources */,
				FDE394CE1B4C4D8800531870 /* RemoteCommunicator.swift in Sources */,
				FDB90C721B43F8220003B3D2 /* SelectProviderViewController.swift in Sources */,
				FD10C3781B57CBC400584432 /* ContactInfo+CoreDataProperties.swift in Sources */,
				FD17136D1B45807F005110AD /* SelectProviderTableViewCell.swift in Sources */,
				FDD39DAB1B49699B00D81FFB /* ParseRequestsWrapper.swift in Sources */,
				FD272A021B51A61C00398126 /* Updater.swift in Sources */,
				FD0CA70A1B54D05100538750 /* DeliveryProvidersUpdater.swift in Sources */,
				FD0CA6FE1B5433FF00538750 /* BLKWaterDelivery.xcdatamodeld in Sources */,
				FDE394D21B4C4EBB00531870 /* ContactInfoRemoteCommunicator.swift in Sources */,
				FDE394D41B4C4EF100531870 /* RemoteCommunicatorFactory.swift in Sources */,
				FD10C3851B57CF1400584432 /* EntityDataProvider.swift in Sources */,
				FDE394C91B4C4CEB00531870 /* ObjectCreatorFactory.swift in Sources */,
				FDE394C71B4C4CD300531870 /* ProviderObjectCreator.swift in Sources */,
				FD10C3841B57CF1400584432 /* DataProvider.swift in Sources */,
				FDB90C741B43FDF60003B3D2 /* ProviderInfoViewController.swift in Sources */,
				FDE394D61B4C53DE00531870 /* DBManager.swift in Sources */,
				FD17136A1B457FBA005110AD /* SelectProviderDatasource.swift in Sources */,
			);
			runOnlyForDeploymentPostprocessing = 0;
		};
		FDB90C5C1B43EA310003B3D2 /* Sources */ = {
			isa = PBXSourcesBuildPhase;
			buildActionMask = 2147483647;
			files = (
				FDB90C671B43EA310003B3D2 /* BLKWaterDeliveryTests.swift in Sources */,
			);
			runOnlyForDeploymentPostprocessing = 0;
		};
/* End PBXSourcesBuildPhase section */

/* Begin PBXTargetDependency section */
		FDB90C621B43EA310003B3D2 /* PBXTargetDependency */ = {
			isa = PBXTargetDependency;
			target = FDB90C4A1B43EA310003B3D2 /* BLKWaterDelivery */;
			targetProxy = FDB90C611B43EA310003B3D2 /* PBXContainerItemProxy */;
		};
/* End PBXTargetDependency section */

/* Begin PBXVariantGroup section */
		FDB90C541B43EA310003B3D2 /* Providers.storyboard */ = {
			isa = PBXVariantGroup;
			children = (
				FDB90C551B43EA310003B3D2 /* Base */,
			);
			name = Providers.storyboard;
			sourceTree = "<group>";
		};
		FDB90C591B43EA310003B3D2 /* LaunchScreen.xib */ = {
			isa = PBXVariantGroup;
			children = (
				FDB90C5A1B43EA310003B3D2 /* Base */,
			);
			name = LaunchScreen.xib;
			sourceTree = "<group>";
		};
		FDB90C771B4400F10003B3D2 /* MakeOrder.storyboard */ = {
			isa = PBXVariantGroup;
			children = (
				FDB90C781B4400F10003B3D2 /* Base */,
			);
			name = MakeOrder.storyboard;
			sourceTree = "<group>";
		};
		FDB90C7F1B4407090003B3D2 /* Profile.storyboard */ = {
			isa = PBXVariantGroup;
			children = (
				FDB90C801B4407090003B3D2 /* Base */,
			);
			name = Profile.storyboard;
			sourceTree = "<group>";
		};
/* End PBXVariantGroup section */

/* Begin XCBuildConfiguration section */
		FDB90C681B43EA310003B3D2 /* Debug */ = {
			isa = XCBuildConfiguration;
			buildSettings = {
				ALWAYS_SEARCH_USER_PATHS = NO;
				CLANG_CXX_LANGUAGE_STANDARD = "gnu++0x";
				CLANG_CXX_LIBRARY = "libc++";
				CLANG_ENABLE_MODULES = YES;
				CLANG_ENABLE_OBJC_ARC = YES;
				CLANG_WARN_BOOL_CONVERSION = YES;
				CLANG_WARN_CONSTANT_CONVERSION = YES;
				CLANG_WARN_DIRECT_OBJC_ISA_USAGE = YES_ERROR;
				CLANG_WARN_EMPTY_BODY = YES;
				CLANG_WARN_ENUM_CONVERSION = YES;
				CLANG_WARN_INT_CONVERSION = YES;
				CLANG_WARN_OBJC_ROOT_CLASS = YES_ERROR;
				CLANG_WARN_UNREACHABLE_CODE = YES;
				CLANG_WARN__DUPLICATE_METHOD_MATCH = YES;
				"CODE_SIGN_IDENTITY[sdk=iphoneos*]" = "iPhone Developer";
				COPY_PHASE_STRIP = NO;
				DEBUG_INFORMATION_FORMAT = "dwarf-with-dsym";
				ENABLE_STRICT_OBJC_MSGSEND = YES;
				GCC_C_LANGUAGE_STANDARD = gnu99;
				GCC_DYNAMIC_NO_PIC = NO;
				GCC_NO_COMMON_BLOCKS = YES;
				GCC_OPTIMIZATION_LEVEL = 0;
				GCC_PREPROCESSOR_DEFINITIONS = (
					"DEBUG=1",
					"$(inherited)",
				);
				GCC_SYMBOLS_PRIVATE_EXTERN = NO;
				GCC_WARN_64_TO_32_BIT_CONVERSION = YES;
				GCC_WARN_ABOUT_RETURN_TYPE = YES_ERROR;
				GCC_WARN_UNDECLARED_SELECTOR = YES;
				GCC_WARN_UNINITIALIZED_AUTOS = YES_AGGRESSIVE;
				GCC_WARN_UNUSED_FUNCTION = YES;
				GCC_WARN_UNUSED_VARIABLE = YES;
				IPHONEOS_DEPLOYMENT_TARGET = 8.3;
				MTL_ENABLE_DEBUG_INFO = YES;
				ONLY_ACTIVE_ARCH = YES;
				SDKROOT = iphoneos;
				SWIFT_OPTIMIZATION_LEVEL = "-Onone";
			};
			name = Debug;
		};
		FDB90C691B43EA310003B3D2 /* Release */ = {
			isa = XCBuildConfiguration;
			buildSettings = {
				ALWAYS_SEARCH_USER_PATHS = NO;
				CLANG_CXX_LANGUAGE_STANDARD = "gnu++0x";
				CLANG_CXX_LIBRARY = "libc++";
				CLANG_ENABLE_MODULES = YES;
				CLANG_ENABLE_OBJC_ARC = YES;
				CLANG_WARN_BOOL_CONVERSION = YES;
				CLANG_WARN_CONSTANT_CONVERSION = YES;
				CLANG_WARN_DIRECT_OBJC_ISA_USAGE = YES_ERROR;
				CLANG_WARN_EMPTY_BODY = YES;
				CLANG_WARN_ENUM_CONVERSION = YES;
				CLANG_WARN_INT_CONVERSION = YES;
				CLANG_WARN_OBJC_ROOT_CLASS = YES_ERROR;
				CLANG_WARN_UNREACHABLE_CODE = YES;
				CLANG_WARN__DUPLICATE_METHOD_MATCH = YES;
				"CODE_SIGN_IDENTITY[sdk=iphoneos*]" = "iPhone Developer";
				COPY_PHASE_STRIP = NO;
				DEBUG_INFORMATION_FORMAT = "dwarf-with-dsym";
				ENABLE_NS_ASSERTIONS = NO;
				ENABLE_STRICT_OBJC_MSGSEND = YES;
				GCC_C_LANGUAGE_STANDARD = gnu99;
				GCC_NO_COMMON_BLOCKS = YES;
				GCC_WARN_64_TO_32_BIT_CONVERSION = YES;
				GCC_WARN_ABOUT_RETURN_TYPE = YES_ERROR;
				GCC_WARN_UNDECLARED_SELECTOR = YES;
				GCC_WARN_UNINITIALIZED_AUTOS = YES_AGGRESSIVE;
				GCC_WARN_UNUSED_FUNCTION = YES;
				GCC_WARN_UNUSED_VARIABLE = YES;
				IPHONEOS_DEPLOYMENT_TARGET = 8.3;
				MTL_ENABLE_DEBUG_INFO = NO;
				SDKROOT = iphoneos;
				VALIDATE_PRODUCT = YES;
			};
			name = Release;
		};
		FDB90C6B1B43EA310003B3D2 /* Debug */ = {
			isa = XCBuildConfiguration;
			baseConfigurationReference = 564337CEAC8CBA6DB29974C7 /* Pods.debug.xcconfig */;
			buildSettings = {
				ASSETCATALOG_COMPILER_APPICON_NAME = AppIcon;
				FRAMEWORK_SEARCH_PATHS = (
					"$(inherited)",
					"$(PROJECT_DIR)/BLKWaterDelivery/frameworks",
				);
				INFOPLIST_FILE = BLKWaterDelivery/Info.plist;
				LD_RUNPATH_SEARCH_PATHS = "$(inherited) @executable_path/Frameworks";
				PRODUCT_NAME = "$(TARGET_NAME)";
				SWIFT_OBJC_BRIDGING_HEADER = "BLKWaterDelivery-Bridging-Header.h";
			};
			name = Debug;
		};
		FDB90C6C1B43EA310003B3D2 /* Release */ = {
			isa = XCBuildConfiguration;
			baseConfigurationReference = B7E79C6430F8531429992929 /* Pods.release.xcconfig */;
			buildSettings = {
				ASSETCATALOG_COMPILER_APPICON_NAME = AppIcon;
				FRAMEWORK_SEARCH_PATHS = (
					"$(inherited)",
					"$(PROJECT_DIR)/BLKWaterDelivery/frameworks",
				);
				INFOPLIST_FILE = BLKWaterDelivery/Info.plist;
				LD_RUNPATH_SEARCH_PATHS = "$(inherited) @executable_path/Frameworks";
				PRODUCT_NAME = "$(TARGET_NAME)";
				SWIFT_OBJC_BRIDGING_HEADER = "BLKWaterDelivery-Bridging-Header.h";
			};
			name = Release;
		};
		FDB90C6E1B43EA310003B3D2 /* Debug */ = {
			isa = XCBuildConfiguration;
			buildSettings = {
				BUNDLE_LOADER = "$(TEST_HOST)";
				FRAMEWORK_SEARCH_PATHS = (
					"$(SDKROOT)/Developer/Library/Frameworks",
					"$(inherited)",
				);
				GCC_PREPROCESSOR_DEFINITIONS = (
					"DEBUG=1",
					"$(inherited)",
				);
				INFOPLIST_FILE = BLKWaterDeliveryTests/Info.plist;
				LD_RUNPATH_SEARCH_PATHS = "$(inherited) @executable_path/Frameworks @loader_path/Frameworks";
				PRODUCT_NAME = "$(TARGET_NAME)";
				TEST_HOST = "$(BUILT_PRODUCTS_DIR)/BLKWaterDelivery.app/BLKWaterDelivery";
			};
			name = Debug;
		};
		FDB90C6F1B43EA310003B3D2 /* Release */ = {
			isa = XCBuildConfiguration;
			buildSettings = {
				BUNDLE_LOADER = "$(TEST_HOST)";
				FRAMEWORK_SEARCH_PATHS = (
					"$(SDKROOT)/Developer/Library/Frameworks",
					"$(inherited)",
				);
				INFOPLIST_FILE = BLKWaterDeliveryTests/Info.plist;
				LD_RUNPATH_SEARCH_PATHS = "$(inherited) @executable_path/Frameworks @loader_path/Frameworks";
				PRODUCT_NAME = "$(TARGET_NAME)";
				TEST_HOST = "$(BUILT_PRODUCTS_DIR)/BLKWaterDelivery.app/BLKWaterDelivery";
			};
			name = Release;
		};
/* End XCBuildConfiguration section */

/* Begin XCConfigurationList section */
		FDB90C461B43EA310003B3D2 /* Build configuration list for PBXProject "BLKWaterDelivery" */ = {
			isa = XCConfigurationList;
			buildConfigurations = (
				FDB90C681B43EA310003B3D2 /* Debug */,
				FDB90C691B43EA310003B3D2 /* Release */,
			);
			defaultConfigurationIsVisible = 0;
			defaultConfigurationName = Release;
		};
		FDB90C6A1B43EA310003B3D2 /* Build configuration list for PBXNativeTarget "BLKWaterDelivery" */ = {
			isa = XCConfigurationList;
			buildConfigurations = (
				FDB90C6B1B43EA310003B3D2 /* Debug */,
				FDB90C6C1B43EA310003B3D2 /* Release */,
			);
			defaultConfigurationIsVisible = 0;
			defaultConfigurationName = Release;
		};
		FDB90C6D1B43EA310003B3D2 /* Build configuration list for PBXNativeTarget "BLKWaterDeliveryTests" */ = {
			isa = XCConfigurationList;
			buildConfigurations = (
				FDB90C6E1B43EA310003B3D2 /* Debug */,
				FDB90C6F1B43EA310003B3D2 /* Release */,
			);
			defaultConfigurationIsVisible = 0;
			defaultConfigurationName = Release;
		};
/* End XCConfigurationList section */

/* Begin XCVersionGroup section */
		FD0CA6FC1B5433FF00538750 /* BLKWaterDelivery.xcdatamodeld */ = {
			isa = XCVersionGroup;
			children = (
				FD0CA6FD1B5433FF00538750 /* BLKWaterDelivery.xcdatamodel */,
			);
			currentVersion = FD0CA6FD1B5433FF00538750 /* BLKWaterDelivery.xcdatamodel */;
			path = BLKWaterDelivery.xcdatamodeld;
			sourceTree = "<group>";
			versionGroupType = wrapper.xcdatamodel;
		};
/* End XCVersionGroup section */
	};
	rootObject = FDB90C431B43EA310003B3D2 /* Project object */;
}
