<?xml version="1.0" encoding="UTF-8"?>
<!DOCTYPE plist PUBLIC "-//Apple//DTD PLIST 1.0//EN" "http://www.apple.com/DTDs/PropertyList-1.0.dtd">
<plist version="1.0">
<dict>
	<key>archiveVersion</key>
	<string>1</string>
	<key>classes</key>
	<dict/>
	<key>objectVersion</key>
	<string>46</string>
	<key>objects</key>
	<dict>
		<key>1657745992D4945444EDD872</key>
		<dict>
			<key>fileRef</key>
			<string>6AC7D2F5E7A06F4DE60B604E</string>
			<key>isa</key>
			<string>PBXBuildFile</string>
		</dict>
		<key>564337CEAC8CBA6DB29974C7</key>
		<dict>
			<key>includeInIndex</key>
			<string>1</string>
			<key>isa</key>
			<string>PBXFileReference</string>
			<key>lastKnownFileType</key>
			<string>text.xcconfig</string>
			<key>name</key>
			<string>Pods.debug.xcconfig</string>
			<key>path</key>
			<string>Pods/Target Support Files/Pods/Pods.debug.xcconfig</string>
			<key>sourceTree</key>
			<string>&lt;group&gt;</string>
		</dict>
		<key>601767DF2854F559F6E8AEAE</key>
		<dict>
			<key>children</key>
			<array>
				<string>564337CEAC8CBA6DB29974C7</string>
				<string>B7E79C6430F8531429992929</string>
			</array>
			<key>isa</key>
			<string>PBXGroup</string>
			<key>name</key>
			<string>Pods</string>
			<key>sourceTree</key>
			<string>&lt;group&gt;</string>
		</dict>
		<key>6AC7D2F5E7A06F4DE60B604E</key>
		<dict>
			<key>explicitFileType</key>
			<string>archive.ar</string>
			<key>includeInIndex</key>
			<string>0</string>
			<key>isa</key>
			<string>PBXFileReference</string>
			<key>path</key>
			<string>libPods.a</string>
			<key>sourceTree</key>
			<string>BUILT_PRODUCTS_DIR</string>
		</dict>
		<key>858D8C900F2FC9F9E13AE553</key>
		<dict>
			<key>buildActionMask</key>
			<string>2147483647</string>
			<key>files</key>
			<array/>
			<key>inputPaths</key>
			<array/>
			<key>isa</key>
			<string>PBXShellScriptBuildPhase</string>
			<key>name</key>
			<string>Check Pods Manifest.lock</string>
			<key>outputPaths</key>
			<array/>
			<key>runOnlyForDeploymentPostprocessing</key>
			<string>0</string>
			<key>shellPath</key>
			<string>/bin/sh</string>
			<key>shellScript</key>
			<string>diff "${PODS_ROOT}/../Podfile.lock" "${PODS_ROOT}/Manifest.lock" &gt; /dev/null
if [[ $? != 0 ]] ; then
    cat &lt;&lt; EOM
error: The sandbox is not in sync with the Podfile.lock. Run 'pod install' or update your CocoaPods installation.
EOM
    exit 1
fi
</string>
			<key>showEnvVarsInLog</key>
			<string>0</string>
		</dict>
		<key>AA3E8BBCF059BADB219E3F27</key>
		<dict>
			<key>children</key>
			<array>
				<string>6AC7D2F5E7A06F4DE60B604E</string>
			</array>
			<key>isa</key>
			<string>PBXGroup</string>
			<key>name</key>
			<string>Frameworks</string>
			<key>sourceTree</key>
			<string>&lt;group&gt;</string>
		</dict>
		<key>B7E79C6430F8531429992929</key>
		<dict>
			<key>includeInIndex</key>
			<string>1</string>
			<key>isa</key>
			<string>PBXFileReference</string>
			<key>lastKnownFileType</key>
			<string>text.xcconfig</string>
			<key>name</key>
			<string>Pods.release.xcconfig</string>
			<key>path</key>
			<string>Pods/Target Support Files/Pods/Pods.release.xcconfig</string>
			<key>sourceTree</key>
			<string>&lt;group&gt;</string>
		</dict>
		<key>CD04FF66685F108993F6FA13</key>
		<dict>
			<key>buildActionMask</key>
			<string>2147483647</string>
			<key>files</key>
			<array/>
			<key>inputPaths</key>
			<array/>
			<key>isa</key>
			<string>PBXShellScriptBuildPhase</string>
			<key>name</key>
			<string>Copy Pods Resources</string>
			<key>outputPaths</key>
			<array/>
			<key>runOnlyForDeploymentPostprocessing</key>
			<string>0</string>
			<key>shellPath</key>
			<string>/bin/sh</string>
			<key>shellScript</key>
			<string>"${SRCROOT}/Pods/Target Support Files/Pods/Pods-resources.sh"
</string>
			<key>showEnvVarsInLog</key>
			<string>0</string>
		</dict>
		<key>FD1713681B457F9F005110AD</key>
		<dict>
			<key>children</key>
			<array>
				<string>FD1713691B457FBA005110AD</string>
			</array>
			<key>isa</key>
			<string>PBXGroup</string>
			<key>path</key>
			<string>datasources</string>
			<key>sourceTree</key>
			<string>&lt;group&gt;</string>
		</dict>
		<key>FD1713691B457FBA005110AD</key>
		<dict>
			<key>fileEncoding</key>
			<string>4</string>
			<key>isa</key>
			<string>PBXFileReference</string>
			<key>lastKnownFileType</key>
			<string>sourcecode.swift</string>
			<key>path</key>
			<string>SelectProviderDatasource.swift</string>
			<key>sourceTree</key>
			<string>&lt;group&gt;</string>
		</dict>
		<key>FD17136A1B457FBA005110AD</key>
		<dict>
			<key>fileRef</key>
			<string>FD1713691B457FBA005110AD</string>
			<key>isa</key>
			<string>PBXBuildFile</string>
		</dict>
		<key>FD17136B1B458065005110AD</key>
		<dict>
			<key>children</key>
			<array>
				<string>FD17136C1B45807F005110AD</string>
			</array>
			<key>isa</key>
			<string>PBXGroup</string>
			<key>path</key>
			<string>views</string>
			<key>sourceTree</key>
			<string>&lt;group&gt;</string>
		</dict>
		<key>FD17136C1B45807F005110AD</key>
		<dict>
			<key>fileEncoding</key>
			<string>4</string>
			<key>isa</key>
			<string>PBXFileReference</string>
			<key>lastKnownFileType</key>
			<string>sourcecode.swift</string>
			<key>path</key>
			<string>SelectProviderTableViewCell.swift</string>
			<key>sourceTree</key>
			<string>&lt;group&gt;</string>
		</dict>
		<key>FD17136D1B45807F005110AD</key>
		<dict>
			<key>fileRef</key>
			<string>FD17136C1B45807F005110AD</string>
			<key>isa</key>
			<string>PBXBuildFile</string>
		</dict>
		<key>FD1713731B45C3CA005110AD</key>
		<dict>
			<key>children</key>
			<array>
				<string>FDE394CC1B4C4D8800531870</string>
				<string>FDD39DAA1B49699B00D81FFB</string>
			</array>
			<key>isa</key>
			<string>PBXGroup</string>
			<key>path</key>
			<string>network</string>
			<key>sourceTree</key>
			<string>&lt;group&gt;</string>
		</dict>
		<key>FDB90C421B43EA310003B3D2</key>
		<dict>
			<key>children</key>
			<array>
				<string>FDB90C4D1B43EA310003B3D2</string>
				<string>FDB90C631B43EA310003B3D2</string>
				<string>FDB90C4C1B43EA310003B3D2</string>
				<string>601767DF2854F559F6E8AEAE</string>
				<string>AA3E8BBCF059BADB219E3F27</string>
			</array>
			<key>isa</key>
			<string>PBXGroup</string>
			<key>sourceTree</key>
			<string>&lt;group&gt;</string>
		</dict>
		<key>FDB90C431B43EA310003B3D2</key>
		<dict>
			<key>attributes</key>
			<dict>
				<key>LastUpgradeCheck</key>
				<string>0630</string>
				<key>ORGANIZATIONNAME</key>
				<string>black9</string>
				<key>TargetAttributes</key>
				<dict>
					<key>FDB90C4A1B43EA310003B3D2</key>
					<dict>
						<key>CreatedOnToolsVersion</key>
						<string>6.3.2</string>
					</dict>
					<key>FDB90C5F1B43EA310003B3D2</key>
					<dict>
						<key>CreatedOnToolsVersion</key>
						<string>6.3.2</string>
						<key>TestTargetID</key>
						<string>FDB90C4A1B43EA310003B3D2</string>
					</dict>
				</dict>
			</dict>
			<key>buildConfigurationList</key>
			<string>FDB90C461B43EA310003B3D2</string>
			<key>compatibilityVersion</key>
			<string>Xcode 3.2</string>
			<key>developmentRegion</key>
			<string>English</string>
			<key>hasScannedForEncodings</key>
			<string>0</string>
			<key>isa</key>
			<string>PBXProject</string>
			<key>knownRegions</key>
			<array>
				<string>en</string>
				<string>Base</string>
			</array>
			<key>mainGroup</key>
			<string>FDB90C421B43EA310003B3D2</string>
			<key>productRefGroup</key>
			<string>FDB90C4C1B43EA310003B3D2</string>
			<key>projectDirPath</key>
			<string></string>
			<key>projectReferences</key>
			<array/>
			<key>projectRoot</key>
			<string></string>
			<key>targets</key>
			<array>
				<string>FDB90C4A1B43EA310003B3D2</string>
				<string>FDB90C5F1B43EA310003B3D2</string>
			</array>
		</dict>
		<key>FDB90C461B43EA310003B3D2</key>
		<dict>
			<key>buildConfigurations</key>
			<array>
				<string>FDB90C681B43EA310003B3D2</string>
				<string>FDB90C691B43EA310003B3D2</string>
			</array>
			<key>defaultConfigurationIsVisible</key>
			<string>0</string>
			<key>defaultConfigurationName</key>
			<string>Release</string>
			<key>isa</key>
			<string>XCConfigurationList</string>
		</dict>
		<key>FDB90C471B43EA310003B3D2</key>
		<dict>
			<key>buildActionMask</key>
			<string>2147483647</string>
			<key>files</key>
			<array>
				<string>FDE394C61B4C4CD300531870</string>
				<string>FDE394C51B4C4CD300531870</string>
				<string>FDB90C831B4407780003B3D2</string>
				<string>FDB90C511B43EA310003B3D2</string>
				<string>FDB90C7E1B4402200003B3D2</string>
				<string>FDE394D01B4C4E2900531870</string>
				<string>FDB90C851B4407820003B3D2</string>
				<string>FDB90C7C1B4401770003B3D2</string>
				<string>FDE394CE1B4C4D8800531870</string>
				<string>FDB90C721B43F8220003B3D2</string>
				<string>FD17136D1B45807F005110AD</string>
				<string>FDD39DAB1B49699B00D81FFB</string>
				<string>FDE394D21B4C4EBB00531870</string>
				<string>FDE394D41B4C4EF100531870</string>
				<string>FDE394C91B4C4CEB00531870</string>
				<string>FDE394C71B4C4CD300531870</string>
				<string>FDB90C741B43FDF60003B3D2</string>
				<string>FDE394D61B4C53DE00531870</string>
				<string>FD17136A1B457FBA005110AD</string>
			</array>
			<key>isa</key>
			<string>PBXSourcesBuildPhase</string>
			<key>runOnlyForDeploymentPostprocessing</key>
			<string>0</string>
		</dict>
		<key>FDB90C481B43EA310003B3D2</key>
		<dict>
			<key>buildActionMask</key>
			<string>2147483647</string>
			<key>files</key>
			<array>
				<string>FDD39DA91B47F94D00D81FFB</string>
				<string>FDD39DA71B47F94400D81FFB</string>
				<string>FDD39DA51B47F93B00D81FFB</string>
				<string>FDD39DA31B47F93200D81FFB</string>
				<string>FDD39DA11B47F92900D81FFB</string>
				<string>FDD39D9F1B47F91F00D81FFB</string>
				<string>FDD39D9D1B47F91000D81FFB</string>
				<string>FDD39D9B1B47F8F500D81FFB</string>
				<string>FDD39D991B47F8EE00D81FFB</string>
				<string>FDD39D971B47F8E500D81FFB</string>
				<string>FDD39D951B47F8E000D81FFB</string>
				<string>FDD39D931B47F8C600D81FFB</string>
				<string>FDD39D911B47F86700D81FFB</string>
				<string>FDD39D901B47F86700D81FFB</string>
				<string>1657745992D4945444EDD872</string>
			</array>
			<key>isa</key>
			<string>PBXFrameworksBuildPhase</string>
			<key>runOnlyForDeploymentPostprocessing</key>
			<string>0</string>
		</dict>
		<key>FDB90C491B43EA310003B3D2</key>
		<dict>
			<key>buildActionMask</key>
			<string>2147483647</string>
			<key>files</key>
			<array>
				<string>FDB90C561B43EA310003B3D2</string>
				<string>FDB90C791B4400F10003B3D2</string>
				<string>FDB90C811B4407090003B3D2</string>
				<string>FDB90C5B1B43EA310003B3D2</string>
				<string>FDB90C581B43EA310003B3D2</string>
			</array>
			<key>isa</key>
			<string>PBXResourcesBuildPhase</string>
			<key>runOnlyForDeploymentPostprocessing</key>
			<string>0</string>
		</dict>
		<key>FDB90C4A1B43EA310003B3D2</key>
		<dict>
			<key>buildConfigurationList</key>
			<string>FDB90C6A1B43EA310003B3D2</string>
			<key>buildPhases</key>
			<array>
				<string>858D8C900F2FC9F9E13AE553</string>
				<string>FDB90C471B43EA310003B3D2</string>
				<string>FDB90C481B43EA310003B3D2</string>
				<string>FDB90C491B43EA310003B3D2</string>
				<string>CD04FF66685F108993F6FA13</string>
			</array>
			<key>buildRules</key>
			<array/>
			<key>dependencies</key>
			<array/>
			<key>isa</key>
			<string>PBXNativeTarget</string>
			<key>name</key>
			<string>BLKWaterDelivery</string>
			<key>productName</key>
			<string>BLKWaterDelivery</string>
			<key>productReference</key>
			<string>FDB90C4B1B43EA310003B3D2</string>
			<key>productType</key>
			<string>com.apple.product-type.application</string>
		</dict>
		<key>FDB90C4B1B43EA310003B3D2</key>
		<dict>
			<key>explicitFileType</key>
			<string>wrapper.application</string>
			<key>includeInIndex</key>
			<string>0</string>
			<key>isa</key>
			<string>PBXFileReference</string>
			<key>path</key>
			<string>BLKWaterDelivery.app</string>
			<key>sourceTree</key>
			<string>BUILT_PRODUCTS_DIR</string>
		</dict>
		<key>FDB90C4C1B43EA310003B3D2</key>
		<dict>
			<key>children</key>
			<array>
				<string>FDB90C4B1B43EA310003B3D2</string>
				<string>FDB90C601B43EA310003B3D2</string>
			</array>
			<key>isa</key>
			<string>PBXGroup</string>
			<key>name</key>
			<string>Products</string>
			<key>sourceTree</key>
			<string>&lt;group&gt;</string>
		</dict>
		<key>FDB90C4D1B43EA310003B3D2</key>
		<dict>
			<key>children</key>
			<array>
				<string>FDE394BA1B4C4BBB00531870</string>
				<string>FDD39D8D1B47F86700D81FFB</string>
				<string>FD1713731B45C3CA005110AD</string>
				<string>FD17136B1B458065005110AD</string>
				<string>FD1713681B457F9F005110AD</string>
				<string>FDB90C7A1B4400F80003B3D2</string>
				<string>FDB90C701B43F8220003B3D2</string>
				<string>FDB90C501B43EA310003B3D2</string>
				<string>FDB90C571B43EA310003B3D2</string>
				<string>FDB90C591B43EA310003B3D2</string>
				<string>FDB90C4E1B43EA310003B3D2</string>
			</array>
			<key>isa</key>
			<string>PBXGroup</string>
			<key>path</key>
			<string>BLKWaterDelivery</string>
			<key>sourceTree</key>
			<string>&lt;group&gt;</string>
		</dict>
		<key>FDB90C4E1B43EA310003B3D2</key>
		<dict>
			<key>children</key>
			<array>
				<string>FDB90C4F1B43EA310003B3D2</string>
			</array>
			<key>isa</key>
			<string>PBXGroup</string>
			<key>name</key>
			<string>Supporting Files</string>
			<key>sourceTree</key>
			<string>&lt;group&gt;</string>
		</dict>
		<key>FDB90C4F1B43EA310003B3D2</key>
		<dict>
			<key>isa</key>
			<string>PBXFileReference</string>
			<key>lastKnownFileType</key>
			<string>text.plist.xml</string>
			<key>path</key>
			<string>Info.plist</string>
			<key>sourceTree</key>
			<string>&lt;group&gt;</string>
		</dict>
		<key>FDB90C501B43EA310003B3D2</key>
		<dict>
			<key>isa</key>
			<string>PBXFileReference</string>
			<key>lastKnownFileType</key>
			<string>sourcecode.swift</string>
			<key>path</key>
			<string>AppDelegate.swift</string>
			<key>sourceTree</key>
			<string>&lt;group&gt;</string>
		</dict>
		<key>FDB90C511B43EA310003B3D2</key>
		<dict>
			<key>fileRef</key>
			<string>FDB90C501B43EA310003B3D2</string>
			<key>isa</key>
			<string>PBXBuildFile</string>
		</dict>
		<key>FDB90C541B43EA310003B3D2</key>
		<dict>
			<key>children</key>
			<array>
				<string>FDB90C551B43EA310003B3D2</string>
			</array>
			<key>isa</key>
			<string>PBXVariantGroup</string>
			<key>name</key>
			<string>Providers.storyboard</string>
			<key>sourceTree</key>
			<string>&lt;group&gt;</string>
		</dict>
		<key>FDB90C551B43EA310003B3D2</key>
		<dict>
			<key>isa</key>
			<string>PBXFileReference</string>
			<key>lastKnownFileType</key>
			<string>file.storyboard</string>
			<key>name</key>
			<string>Base</string>
			<key>path</key>
			<string>Base.lproj/Providers.storyboard</string>
			<key>sourceTree</key>
			<string>&lt;group&gt;</string>
		</dict>
		<key>FDB90C561B43EA310003B3D2</key>
		<dict>
			<key>fileRef</key>
			<string>FDB90C541B43EA310003B3D2</string>
			<key>isa</key>
			<string>PBXBuildFile</string>
		</dict>
		<key>FDB90C571B43EA310003B3D2</key>
		<dict>
			<key>isa</key>
			<string>PBXFileReference</string>
			<key>lastKnownFileType</key>
			<string>folder.assetcatalog</string>
			<key>path</key>
			<string>Images.xcassets</string>
			<key>sourceTree</key>
			<string>&lt;group&gt;</string>
		</dict>
		<key>FDB90C581B43EA310003B3D2</key>
		<dict>
			<key>fileRef</key>
			<string>FDB90C571B43EA310003B3D2</string>
			<key>isa</key>
			<string>PBXBuildFile</string>
		</dict>
		<key>FDB90C591B43EA310003B3D2</key>
		<dict>
			<key>children</key>
			<array>
				<string>FDB90C5A1B43EA310003B3D2</string>
			</array>
			<key>isa</key>
			<string>PBXVariantGroup</string>
			<key>name</key>
			<string>LaunchScreen.xib</string>
			<key>sourceTree</key>
			<string>&lt;group&gt;</string>
		</dict>
		<key>FDB90C5A1B43EA310003B3D2</key>
		<dict>
			<key>isa</key>
			<string>PBXFileReference</string>
			<key>lastKnownFileType</key>
			<string>file.xib</string>
			<key>name</key>
			<string>Base</string>
			<key>path</key>
			<string>Base.lproj/LaunchScreen.xib</string>
			<key>sourceTree</key>
			<string>&lt;group&gt;</string>
		</dict>
		<key>FDB90C5B1B43EA310003B3D2</key>
		<dict>
			<key>fileRef</key>
			<string>FDB90C591B43EA310003B3D2</string>
			<key>isa</key>
			<string>PBXBuildFile</string>
		</dict>
		<key>FDB90C5C1B43EA310003B3D2</key>
		<dict>
			<key>buildActionMask</key>
			<string>2147483647</string>
			<key>files</key>
			<array>
				<string>FDB90C671B43EA310003B3D2</string>
			</array>
			<key>isa</key>
			<string>PBXSourcesBuildPhase</string>
			<key>runOnlyForDeploymentPostprocessing</key>
			<string>0</string>
		</dict>
		<key>FDB90C5D1B43EA310003B3D2</key>
		<dict>
			<key>buildActionMask</key>
			<string>2147483647</string>
			<key>files</key>
			<array/>
			<key>isa</key>
			<string>PBXFrameworksBuildPhase</string>
			<key>runOnlyForDeploymentPostprocessing</key>
			<string>0</string>
		</dict>
		<key>FDB90C5E1B43EA310003B3D2</key>
		<dict>
			<key>buildActionMask</key>
			<string>2147483647</string>
			<key>files</key>
			<array/>
			<key>isa</key>
			<string>PBXResourcesBuildPhase</string>
			<key>runOnlyForDeploymentPostprocessing</key>
			<string>0</string>
		</dict>
		<key>FDB90C5F1B43EA310003B3D2</key>
		<dict>
			<key>buildConfigurationList</key>
			<string>FDB90C6D1B43EA310003B3D2</string>
			<key>buildPhases</key>
			<array>
				<string>FDB90C5C1B43EA310003B3D2</string>
				<string>FDB90C5D1B43EA310003B3D2</string>
				<string>FDB90C5E1B43EA310003B3D2</string>
			</array>
			<key>buildRules</key>
			<array/>
			<key>dependencies</key>
			<array>
				<string>FDB90C621B43EA310003B3D2</string>
			</array>
			<key>isa</key>
			<string>PBXNativeTarget</string>
			<key>name</key>
			<string>BLKWaterDeliveryTests</string>
			<key>productName</key>
			<string>BLKWaterDeliveryTests</string>
			<key>productReference</key>
			<string>FDB90C601B43EA310003B3D2</string>
			<key>productType</key>
			<string>com.apple.product-type.bundle.unit-test</string>
		</dict>
		<key>FDB90C601B43EA310003B3D2</key>
		<dict>
			<key>explicitFileType</key>
			<string>wrapper.cfbundle</string>
			<key>includeInIndex</key>
			<string>0</string>
			<key>isa</key>
			<string>PBXFileReference</string>
			<key>path</key>
			<string>BLKWaterDeliveryTests.xctest</string>
			<key>sourceTree</key>
			<string>BUILT_PRODUCTS_DIR</string>
		</dict>
		<key>FDB90C611B43EA310003B3D2</key>
		<dict>
			<key>containerPortal</key>
			<string>FDB90C431B43EA310003B3D2</string>
			<key>isa</key>
			<string>PBXContainerItemProxy</string>
			<key>proxyType</key>
			<string>1</string>
			<key>remoteGlobalIDString</key>
			<string>FDB90C4A1B43EA310003B3D2</string>
			<key>remoteInfo</key>
			<string>BLKWaterDelivery</string>
		</dict>
		<key>FDB90C621B43EA310003B3D2</key>
		<dict>
			<key>isa</key>
			<string>PBXTargetDependency</string>
			<key>target</key>
			<string>FDB90C4A1B43EA310003B3D2</string>
			<key>targetProxy</key>
			<string>FDB90C611B43EA310003B3D2</string>
		</dict>
		<key>FDB90C631B43EA310003B3D2</key>
		<dict>
			<key>children</key>
			<array>
				<string>FDB90C661B43EA310003B3D2</string>
				<string>FDB90C641B43EA310003B3D2</string>
			</array>
			<key>isa</key>
			<string>PBXGroup</string>
			<key>path</key>
			<string>BLKWaterDeliveryTests</string>
			<key>sourceTree</key>
			<string>&lt;group&gt;</string>
		</dict>
		<key>FDB90C641B43EA310003B3D2</key>
		<dict>
			<key>children</key>
			<array>
				<string>FDB90C651B43EA310003B3D2</string>
			</array>
			<key>isa</key>
			<string>PBXGroup</string>
			<key>name</key>
			<string>Supporting Files</string>
			<key>sourceTree</key>
			<string>&lt;group&gt;</string>
		</dict>
		<key>FDB90C651B43EA310003B3D2</key>
		<dict>
			<key>isa</key>
			<string>PBXFileReference</string>
			<key>lastKnownFileType</key>
			<string>text.plist.xml</string>
			<key>path</key>
			<string>Info.plist</string>
			<key>sourceTree</key>
			<string>&lt;group&gt;</string>
		</dict>
		<key>FDB90C661B43EA310003B3D2</key>
		<dict>
			<key>isa</key>
			<string>PBXFileReference</string>
			<key>lastKnownFileType</key>
			<string>sourcecode.swift</string>
			<key>path</key>
			<string>BLKWaterDeliveryTests.swift</string>
			<key>sourceTree</key>
			<string>&lt;group&gt;</string>
		</dict>
		<key>FDB90C671B43EA310003B3D2</key>
		<dict>
			<key>fileRef</key>
			<string>FDB90C661B43EA310003B3D2</string>
			<key>isa</key>
			<string>PBXBuildFile</string>
		</dict>
		<key>FDB90C681B43EA310003B3D2</key>
		<dict>
			<key>buildSettings</key>
			<dict>
				<key>ALWAYS_SEARCH_USER_PATHS</key>
				<string>NO</string>
				<key>CLANG_CXX_LANGUAGE_STANDARD</key>
				<string>gnu++0x</string>
				<key>CLANG_CXX_LIBRARY</key>
				<string>libc++</string>
				<key>CLANG_ENABLE_MODULES</key>
				<string>YES</string>
				<key>CLANG_ENABLE_OBJC_ARC</key>
				<string>YES</string>
				<key>CLANG_WARN_BOOL_CONVERSION</key>
				<string>YES</string>
				<key>CLANG_WARN_CONSTANT_CONVERSION</key>
				<string>YES</string>
				<key>CLANG_WARN_DIRECT_OBJC_ISA_USAGE</key>
				<string>YES_ERROR</string>
				<key>CLANG_WARN_EMPTY_BODY</key>
				<string>YES</string>
				<key>CLANG_WARN_ENUM_CONVERSION</key>
				<string>YES</string>
				<key>CLANG_WARN_INT_CONVERSION</key>
				<string>YES</string>
				<key>CLANG_WARN_OBJC_ROOT_CLASS</key>
				<string>YES_ERROR</string>
				<key>CLANG_WARN_UNREACHABLE_CODE</key>
				<string>YES</string>
				<key>CLANG_WARN__DUPLICATE_METHOD_MATCH</key>
				<string>YES</string>
				<key>CODE_SIGN_IDENTITY[sdk=iphoneos*]</key>
				<string>iPhone Developer</string>
				<key>COPY_PHASE_STRIP</key>
				<string>NO</string>
				<key>DEBUG_INFORMATION_FORMAT</key>
				<string>dwarf-with-dsym</string>
				<key>ENABLE_STRICT_OBJC_MSGSEND</key>
				<string>YES</string>
				<key>GCC_C_LANGUAGE_STANDARD</key>
				<string>gnu99</string>
				<key>GCC_DYNAMIC_NO_PIC</key>
				<string>NO</string>
				<key>GCC_NO_COMMON_BLOCKS</key>
				<string>YES</string>
				<key>GCC_OPTIMIZATION_LEVEL</key>
				<string>0</string>
				<key>GCC_PREPROCESSOR_DEFINITIONS</key>
				<array>
					<string>DEBUG=1</string>
					<string>$(inherited)</string>
				</array>
				<key>GCC_SYMBOLS_PRIVATE_EXTERN</key>
				<string>NO</string>
				<key>GCC_WARN_64_TO_32_BIT_CONVERSION</key>
				<string>YES</string>
				<key>GCC_WARN_ABOUT_RETURN_TYPE</key>
				<string>YES_ERROR</string>
				<key>GCC_WARN_UNDECLARED_SELECTOR</key>
				<string>YES</string>
				<key>GCC_WARN_UNINITIALIZED_AUTOS</key>
				<string>YES_AGGRESSIVE</string>
				<key>GCC_WARN_UNUSED_FUNCTION</key>
				<string>YES</string>
				<key>GCC_WARN_UNUSED_VARIABLE</key>
				<string>YES</string>
				<key>IPHONEOS_DEPLOYMENT_TARGET</key>
				<string>8.3</string>
				<key>MTL_ENABLE_DEBUG_INFO</key>
				<string>YES</string>
				<key>ONLY_ACTIVE_ARCH</key>
				<string>YES</string>
				<key>SDKROOT</key>
				<string>iphoneos</string>
				<key>SWIFT_OPTIMIZATION_LEVEL</key>
				<string>-Onone</string>
			</dict>
			<key>isa</key>
			<string>XCBuildConfiguration</string>
			<key>name</key>
			<string>Debug</string>
		</dict>
		<key>FDB90C691B43EA310003B3D2</key>
		<dict>
			<key>buildSettings</key>
			<dict>
				<key>ALWAYS_SEARCH_USER_PATHS</key>
				<string>NO</string>
				<key>CLANG_CXX_LANGUAGE_STANDARD</key>
				<string>gnu++0x</string>
				<key>CLANG_CXX_LIBRARY</key>
				<string>libc++</string>
				<key>CLANG_ENABLE_MODULES</key>
				<string>YES</string>
				<key>CLANG_ENABLE_OBJC_ARC</key>
				<string>YES</string>
				<key>CLANG_WARN_BOOL_CONVERSION</key>
				<string>YES</string>
				<key>CLANG_WARN_CONSTANT_CONVERSION</key>
				<string>YES</string>
				<key>CLANG_WARN_DIRECT_OBJC_ISA_USAGE</key>
				<string>YES_ERROR</string>
				<key>CLANG_WARN_EMPTY_BODY</key>
				<string>YES</string>
				<key>CLANG_WARN_ENUM_CONVERSION</key>
				<string>YES</string>
				<key>CLANG_WARN_INT_CONVERSION</key>
				<string>YES</string>
				<key>CLANG_WARN_OBJC_ROOT_CLASS</key>
				<string>YES_ERROR</string>
				<key>CLANG_WARN_UNREACHABLE_CODE</key>
				<string>YES</string>
				<key>CLANG_WARN__DUPLICATE_METHOD_MATCH</key>
				<string>YES</string>
				<key>CODE_SIGN_IDENTITY[sdk=iphoneos*]</key>
				<string>iPhone Developer</string>
				<key>COPY_PHASE_STRIP</key>
				<string>NO</string>
				<key>DEBUG_INFORMATION_FORMAT</key>
				<string>dwarf-with-dsym</string>
				<key>ENABLE_NS_ASSERTIONS</key>
				<string>NO</string>
				<key>ENABLE_STRICT_OBJC_MSGSEND</key>
				<string>YES</string>
				<key>GCC_C_LANGUAGE_STANDARD</key>
				<string>gnu99</string>
				<key>GCC_NO_COMMON_BLOCKS</key>
				<string>YES</string>
				<key>GCC_WARN_64_TO_32_BIT_CONVERSION</key>
				<string>YES</string>
				<key>GCC_WARN_ABOUT_RETURN_TYPE</key>
				<string>YES_ERROR</string>
				<key>GCC_WARN_UNDECLARED_SELECTOR</key>
				<string>YES</string>
				<key>GCC_WARN_UNINITIALIZED_AUTOS</key>
				<string>YES_AGGRESSIVE</string>
				<key>GCC_WARN_UNUSED_FUNCTION</key>
				<string>YES</string>
				<key>GCC_WARN_UNUSED_VARIABLE</key>
				<string>YES</string>
				<key>IPHONEOS_DEPLOYMENT_TARGET</key>
				<string>8.3</string>
				<key>MTL_ENABLE_DEBUG_INFO</key>
				<string>NO</string>
				<key>SDKROOT</key>
				<string>iphoneos</string>
				<key>VALIDATE_PRODUCT</key>
				<string>YES</string>
			</dict>
			<key>isa</key>
			<string>XCBuildConfiguration</string>
			<key>name</key>
			<string>Release</string>
		</dict>
		<key>FDB90C6A1B43EA310003B3D2</key>
		<dict>
			<key>buildConfigurations</key>
			<array>
				<string>FDB90C6B1B43EA310003B3D2</string>
				<string>FDB90C6C1B43EA310003B3D2</string>
			</array>
			<key>defaultConfigurationIsVisible</key>
			<string>0</string>
			<key>defaultConfigurationName</key>
			<string>Release</string>
			<key>isa</key>
			<string>XCConfigurationList</string>
		</dict>
		<key>FDB90C6B1B43EA310003B3D2</key>
		<dict>
			<key>baseConfigurationReference</key>
			<string>564337CEAC8CBA6DB29974C7</string>
			<key>buildSettings</key>
			<dict>
				<key>ASSETCATALOG_COMPILER_APPICON_NAME</key>
				<string>AppIcon</string>
				<key>FRAMEWORK_SEARCH_PATHS</key>
				<array>
					<string>$(inherited)</string>
					<string>$(PROJECT_DIR)/BLKWaterDelivery/frameworks</string>
				</array>
				<key>INFOPLIST_FILE</key>
				<string>BLKWaterDelivery/Info.plist</string>
				<key>LD_RUNPATH_SEARCH_PATHS</key>
				<string>$(inherited) @executable_path/Frameworks</string>
				<key>PRODUCT_NAME</key>
				<string>$(TARGET_NAME)</string>
			</dict>
			<key>isa</key>
			<string>XCBuildConfiguration</string>
			<key>name</key>
			<string>Debug</string>
		</dict>
		<key>FDB90C6C1B43EA310003B3D2</key>
		<dict>
			<key>baseConfigurationReference</key>
			<string>B7E79C6430F8531429992929</string>
			<key>buildSettings</key>
			<dict>
				<key>ASSETCATALOG_COMPILER_APPICON_NAME</key>
				<string>AppIcon</string>
				<key>FRAMEWORK_SEARCH_PATHS</key>
				<array>
					<string>$(inherited)</string>
					<string>$(PROJECT_DIR)/BLKWaterDelivery/frameworks</string>
				</array>
				<key>INFOPLIST_FILE</key>
				<string>BLKWaterDelivery/Info.plist</string>
				<key>LD_RUNPATH_SEARCH_PATHS</key>
				<string>$(inherited) @executable_path/Frameworks</string>
				<key>PRODUCT_NAME</key>
				<string>$(TARGET_NAME)</string>
			</dict>
			<key>isa</key>
			<string>XCBuildConfiguration</string>
			<key>name</key>
			<string>Release</string>
		</dict>
		<key>FDB90C6D1B43EA310003B3D2</key>
		<dict>
			<key>buildConfigurations</key>
			<array>
				<string>FDB90C6E1B43EA310003B3D2</string>
				<string>FDB90C6F1B43EA310003B3D2</string>
			</array>
			<key>defaultConfigurationIsVisible</key>
			<string>0</string>
			<key>defaultConfigurationName</key>
			<string>Release</string>
			<key>isa</key>
			<string>XCConfigurationList</string>
		</dict>
		<key>FDB90C6E1B43EA310003B3D2</key>
		<dict>
			<key>buildSettings</key>
			<dict>
				<key>BUNDLE_LOADER</key>
				<string>$(TEST_HOST)</string>
				<key>FRAMEWORK_SEARCH_PATHS</key>
				<array>
					<string>$(SDKROOT)/Developer/Library/Frameworks</string>
					<string>$(inherited)</string>
				</array>
				<key>GCC_PREPROCESSOR_DEFINITIONS</key>
				<array>
					<string>DEBUG=1</string>
					<string>$(inherited)</string>
				</array>
				<key>INFOPLIST_FILE</key>
				<string>BLKWaterDeliveryTests/Info.plist</string>
				<key>LD_RUNPATH_SEARCH_PATHS</key>
				<string>$(inherited) @executable_path/Frameworks @loader_path/Frameworks</string>
				<key>PRODUCT_NAME</key>
				<string>$(TARGET_NAME)</string>
				<key>TEST_HOST</key>
				<string>$(BUILT_PRODUCTS_DIR)/BLKWaterDelivery.app/BLKWaterDelivery</string>
			</dict>
			<key>isa</key>
			<string>XCBuildConfiguration</string>
			<key>name</key>
			<string>Debug</string>
		</dict>
		<key>FDB90C6F1B43EA310003B3D2</key>
		<dict>
			<key>buildSettings</key>
			<dict>
				<key>BUNDLE_LOADER</key>
				<string>$(TEST_HOST)</string>
				<key>FRAMEWORK_SEARCH_PATHS</key>
				<array>
					<string>$(SDKROOT)/Developer/Library/Frameworks</string>
					<string>$(inherited)</string>
				</array>
				<key>INFOPLIST_FILE</key>
				<string>BLKWaterDeliveryTests/Info.plist</string>
				<key>LD_RUNPATH_SEARCH_PATHS</key>
				<string>$(inherited) @executable_path/Frameworks @loader_path/Frameworks</string>
				<key>PRODUCT_NAME</key>
				<string>$(TARGET_NAME)</string>
				<key>TEST_HOST</key>
				<string>$(BUILT_PRODUCTS_DIR)/BLKWaterDelivery.app/BLKWaterDelivery</string>
			</dict>
			<key>isa</key>
			<string>XCBuildConfiguration</string>
			<key>name</key>
			<string>Release</string>
		</dict>
		<key>FDB90C701B43F8220003B3D2</key>
		<dict>
			<key>children</key>
			<array>
				<string>FDB90C711B43F8220003B3D2</string>
				<string>FDB90C731B43FDF60003B3D2</string>
				<string>FDB90C7B1B4401770003B3D2</string>
				<string>FDB90C7D1B4402200003B3D2</string>
				<string>FDB90C821B4407780003B3D2</string>
				<string>FDB90C841B4407820003B3D2</string>
			</array>
			<key>isa</key>
			<string>PBXGroup</string>
			<key>path</key>
			<string>viewControllers</string>
			<key>sourceTree</key>
			<string>&lt;group&gt;</string>
		</dict>
		<key>FDB90C711B43F8220003B3D2</key>
		<dict>
			<key>fileEncoding</key>
			<string>4</string>
			<key>isa</key>
			<string>PBXFileReference</string>
			<key>lastKnownFileType</key>
			<string>sourcecode.swift</string>
			<key>path</key>
			<string>SelectProviderViewController.swift</string>
			<key>sourceTree</key>
			<string>&lt;group&gt;</string>
		</dict>
		<key>FDB90C721B43F8220003B3D2</key>
		<dict>
			<key>fileRef</key>
			<string>FDB90C711B43F8220003B3D2</string>
			<key>isa</key>
			<string>PBXBuildFile</string>
		</dict>
		<key>FDB90C731B43FDF60003B3D2</key>
		<dict>
			<key>fileEncoding</key>
			<string>4</string>
			<key>isa</key>
			<string>PBXFileReference</string>
			<key>lastKnownFileType</key>
			<string>sourcecode.swift</string>
			<key>path</key>
			<string>ProviderInfoViewController.swift</string>
			<key>sourceTree</key>
			<string>&lt;group&gt;</string>
		</dict>
		<key>FDB90C741B43FDF60003B3D2</key>
		<dict>
			<key>fileRef</key>
			<string>FDB90C731B43FDF60003B3D2</string>
			<key>isa</key>
			<string>PBXBuildFile</string>
		</dict>
		<key>FDB90C771B4400F10003B3D2</key>
		<dict>
			<key>children</key>
			<array>
				<string>FDB90C781B4400F10003B3D2</string>
			</array>
			<key>isa</key>
			<string>PBXVariantGroup</string>
			<key>name</key>
			<string>MakeOrder.storyboard</string>
			<key>sourceTree</key>
			<string>&lt;group&gt;</string>
		</dict>
		<key>FDB90C781B4400F10003B3D2</key>
		<dict>
			<key>isa</key>
			<string>PBXFileReference</string>
			<key>lastKnownFileType</key>
			<string>file.storyboard</string>
			<key>name</key>
			<string>Base</string>
			<key>path</key>
			<string>Base.lproj/MakeOrder.storyboard</string>
			<key>sourceTree</key>
			<string>&lt;group&gt;</string>
		</dict>
		<key>FDB90C791B4400F10003B3D2</key>
		<dict>
			<key>fileRef</key>
			<string>FDB90C771B4400F10003B3D2</string>
			<key>isa</key>
			<string>PBXBuildFile</string>
		</dict>
		<key>FDB90C7A1B4400F80003B3D2</key>
		<dict>
			<key>children</key>
			<array>
				<string>FDB90C771B4400F10003B3D2</string>
				<string>FDB90C541B43EA310003B3D2</string>
				<string>FDB90C7F1B4407090003B3D2</string>
			</array>
			<key>isa</key>
			<string>PBXGroup</string>
			<key>name</key>
			<string>storyboards</string>
			<key>sourceTree</key>
			<string>&lt;group&gt;</string>
		</dict>
		<key>FDB90C7B1B4401770003B3D2</key>
		<dict>
			<key>fileEncoding</key>
			<string>4</string>
			<key>isa</key>
			<string>PBXFileReference</string>
			<key>lastKnownFileType</key>
			<string>sourcecode.swift</string>
			<key>path</key>
			<string>MakeOrderViewController.swift</string>
			<key>sourceTree</key>
			<string>&lt;group&gt;</string>
		</dict>
		<key>FDB90C7C1B4401770003B3D2</key>
		<dict>
			<key>fileRef</key>
			<string>FDB90C7B1B4401770003B3D2</string>
			<key>isa</key>
			<string>PBXBuildFile</string>
		</dict>
		<key>FDB90C7D1B4402200003B3D2</key>
		<dict>
			<key>fileEncoding</key>
			<string>4</string>
			<key>isa</key>
			<string>PBXFileReference</string>
			<key>lastKnownFileType</key>
			<string>sourcecode.swift</string>
			<key>path</key>
			<string>InputContactInfoViewController.swift</string>
			<key>sourceTree</key>
			<string>&lt;group&gt;</string>
		</dict>
		<key>FDB90C7E1B4402200003B3D2</key>
		<dict>
			<key>fileRef</key>
			<string>FDB90C7D1B4402200003B3D2</string>
			<key>isa</key>
			<string>PBXBuildFile</string>
		</dict>
		<key>FDB90C7F1B4407090003B3D2</key>
		<dict>
			<key>children</key>
			<array>
				<string>FDB90C801B4407090003B3D2</string>
			</array>
			<key>isa</key>
			<string>PBXVariantGroup</string>
			<key>name</key>
			<string>Profile.storyboard</string>
			<key>sourceTree</key>
			<string>&lt;group&gt;</string>
		</dict>
		<key>FDB90C801B4407090003B3D2</key>
		<dict>
			<key>isa</key>
			<string>PBXFileReference</string>
			<key>lastKnownFileType</key>
			<string>file.storyboard</string>
			<key>name</key>
			<string>Base</string>
			<key>path</key>
			<string>Base.lproj/Profile.storyboard</string>
			<key>sourceTree</key>
			<string>&lt;group&gt;</string>
		</dict>
		<key>FDB90C811B4407090003B3D2</key>
		<dict>
			<key>fileRef</key>
			<string>FDB90C7F1B4407090003B3D2</string>
			<key>isa</key>
			<string>PBXBuildFile</string>
		</dict>
		<key>FDB90C821B4407780003B3D2</key>
		<dict>
			<key>fileEncoding</key>
			<string>4</string>
			<key>isa</key>
			<string>PBXFileReference</string>
			<key>lastKnownFileType</key>
			<string>sourcecode.swift</string>
			<key>path</key>
			<string>ProfileViewController.swift</string>
			<key>sourceTree</key>
			<string>&lt;group&gt;</string>
		</dict>
		<key>FDB90C831B4407780003B3D2</key>
		<dict>
			<key>fileRef</key>
			<string>FDB90C821B4407780003B3D2</string>
			<key>isa</key>
			<string>PBXBuildFile</string>
		</dict>
		<key>FDB90C841B4407820003B3D2</key>
		<dict>
			<key>fileEncoding</key>
			<string>4</string>
			<key>isa</key>
			<string>PBXFileReference</string>
			<key>lastKnownFileType</key>
			<string>sourcecode.swift</string>
			<key>path</key>
			<string>OrdersViewController.swift</string>
			<key>sourceTree</key>
			<string>&lt;group&gt;</string>
		</dict>
		<key>FDB90C851B4407820003B3D2</key>
		<dict>
			<key>fileRef</key>
			<string>FDB90C841B4407820003B3D2</string>
			<key>isa</key>
			<string>PBXBuildFile</string>
		</dict>
		<key>FDD39D8D1B47F86700D81FFB</key>
		<dict>
			<key>children</key>
			<array>
				<string>FDD39DA81B47F94D00D81FFB</string>
				<string>FDD39DA61B47F94400D81FFB</string>
				<string>FDD39DA41B47F93B00D81FFB</string>
				<string>FDD39DA21B47F93200D81FFB</string>
				<string>FDD39DA01B47F92900D81FFB</string>
				<string>FDD39D9E1B47F91F00D81FFB</string>
				<string>FDD39D9C1B47F91000D81FFB</string>
				<string>FDD39D9A1B47F8F500D81FFB</string>
				<string>FDD39D981B47F8EE00D81FFB</string>
				<string>FDD39D961B47F8E500D81FFB</string>
				<string>FDD39D941B47F8E000D81FFB</string>
				<string>FDD39D921B47F8C600D81FFB</string>
				<string>FDD39D8E1B47F86700D81FFB</string>
				<string>FDD39D8F1B47F86700D81FFB</string>
			</array>
			<key>isa</key>
			<string>PBXGroup</string>
			<key>path</key>
			<string>frameworks</string>
			<key>sourceTree</key>
			<string>&lt;group&gt;</string>
		</dict>
		<key>FDD39D8E1B47F86700D81FFB</key>
		<dict>
			<key>isa</key>
			<string>PBXFileReference</string>
			<key>lastKnownFileType</key>
			<string>wrapper.framework</string>
			<key>path</key>
			<string>Parse.framework</string>
			<key>sourceTree</key>
			<string>&lt;group&gt;</string>
		</dict>
		<key>FDD39D8F1B47F86700D81FFB</key>
		<dict>
			<key>isa</key>
			<string>PBXFileReference</string>
			<key>lastKnownFileType</key>
			<string>wrapper.framework</string>
			<key>path</key>
			<string>ParseUI.framework</string>
			<key>sourceTree</key>
			<string>&lt;group&gt;</string>
		</dict>
		<key>FDD39D901B47F86700D81FFB</key>
		<dict>
			<key>fileRef</key>
			<string>FDD39D8E1B47F86700D81FFB</string>
			<key>isa</key>
			<string>PBXBuildFile</string>
		</dict>
		<key>FDD39D911B47F86700D81FFB</key>
		<dict>
			<key>fileRef</key>
			<string>FDD39D8F1B47F86700D81FFB</string>
			<key>isa</key>
			<string>PBXBuildFile</string>
		</dict>
		<key>FDD39D921B47F8C600D81FFB</key>
		<dict>
			<key>isa</key>
			<string>PBXFileReference</string>
			<key>lastKnownFileType</key>
			<string>wrapper.framework</string>
			<key>path</key>
			<string>Bolts.framework</string>
			<key>sourceTree</key>
			<string>&lt;group&gt;</string>
		</dict>
		<key>FDD39D931B47F8C600D81FFB</key>
		<dict>
			<key>fileRef</key>
			<string>FDD39D921B47F8C600D81FFB</string>
			<key>isa</key>
			<string>PBXBuildFile</string>
		</dict>
		<key>FDD39D941B47F8E000D81FFB</key>
		<dict>
			<key>isa</key>
			<string>PBXFileReference</string>
			<key>lastKnownFileType</key>
			<string>wrapper.framework</string>
			<key>name</key>
			<string>CoreLocation.framework</string>
			<key>path</key>
			<string>System/Library/Frameworks/CoreLocation.framework</string>
			<key>sourceTree</key>
			<string>SDKROOT</string>
		</dict>
		<key>FDD39D951B47F8E000D81FFB</key>
		<dict>
			<key>fileRef</key>
			<string>FDD39D941B47F8E000D81FFB</string>
			<key>isa</key>
			<string>PBXBuildFile</string>
		</dict>
		<key>FDD39D961B47F8E500D81FFB</key>
		<dict>
			<key>isa</key>
			<string>PBXFileReference</string>
			<key>lastKnownFileType</key>
			<string>wrapper.framework</string>
			<key>name</key>
			<string>StoreKit.framework</string>
			<key>path</key>
			<string>System/Library/Frameworks/StoreKit.framework</string>
			<key>sourceTree</key>
			<string>SDKROOT</string>
		</dict>
		<key>FDD39D971B47F8E500D81FFB</key>
		<dict>
			<key>fileRef</key>
			<string>FDD39D961B47F8E500D81FFB</string>
			<key>isa</key>
			<string>PBXBuildFile</string>
		</dict>
		<key>FDD39D981B47F8EE00D81FFB</key>
		<dict>
			<key>isa</key>
			<string>PBXFileReference</string>
			<key>lastKnownFileType</key>
			<string>wrapper.framework</string>
			<key>name</key>
			<string>CoreGraphics.framework</string>
			<key>path</key>
			<string>System/Library/Frameworks/CoreGraphics.framework</string>
			<key>sourceTree</key>
			<string>SDKROOT</string>
		</dict>
		<key>FDD39D991B47F8EE00D81FFB</key>
		<dict>
			<key>fileRef</key>
			<string>FDD39D981B47F8EE00D81FFB</string>
			<key>isa</key>
			<string>PBXBuildFile</string>
		</dict>
		<key>FDD39D9A1B47F8F500D81FFB</key>
		<dict>
			<key>isa</key>
			<string>PBXFileReference</string>
			<key>lastKnownFileType</key>
			<string>wrapper.framework</string>
			<key>name</key>
			<string>QuartzCore.framework</string>
			<key>path</key>
			<string>System/Library/Frameworks/QuartzCore.framework</string>
			<key>sourceTree</key>
			<string>SDKROOT</string>
		</dict>
		<key>FDD39D9B1B47F8F500D81FFB</key>
		<dict>
			<key>fileRef</key>
			<string>FDD39D9A1B47F8F500D81FFB</string>
			<key>isa</key>
			<string>PBXBuildFile</string>
		</dict>
		<key>FDD39D9C1B47F91000D81FFB</key>
		<dict>
			<key>isa</key>
			<string>PBXFileReference</string>
			<key>lastKnownFileType</key>
			<string>wrapper.framework</string>
			<key>name</key>
			<string>AudioToolbox.framework</string>
			<key>path</key>
			<string>System/Library/Frameworks/AudioToolbox.framework</string>
			<key>sourceTree</key>
			<string>SDKROOT</string>
		</dict>
		<key>FDD39D9D1B47F91000D81FFB</key>
		<dict>
			<key>fileRef</key>
			<string>FDD39D9C1B47F91000D81FFB</string>
			<key>isa</key>
			<string>PBXBuildFile</string>
		</dict>
		<key>FDD39D9E1B47F91F00D81FFB</key>
		<dict>
			<key>isa</key>
			<string>PBXFileReference</string>
			<key>lastKnownFileType</key>
			<string>wrapper.framework</string>
			<key>name</key>
			<string>CFNetwork.framework</string>
			<key>path</key>
			<string>System/Library/Frameworks/CFNetwork.framework</string>
			<key>sourceTree</key>
			<string>SDKROOT</string>
		</dict>
		<key>FDD39D9F1B47F91F00D81FFB</key>
		<dict>
			<key>fileRef</key>
			<string>FDD39D9E1B47F91F00D81FFB</string>
			<key>isa</key>
			<string>PBXBuildFile</string>
		</dict>
		<key>FDD39DA01B47F92900D81FFB</key>
		<dict>
			<key>isa</key>
			<string>PBXFileReference</string>
			<key>lastKnownFileType</key>
			<string>wrapper.framework</string>
			<key>name</key>
			<string>MobileCoreServices.framework</string>
			<key>path</key>
			<string>System/Library/Frameworks/MobileCoreServices.framework</string>
			<key>sourceTree</key>
			<string>SDKROOT</string>
		</dict>
		<key>FDD39DA11B47F92900D81FFB</key>
		<dict>
			<key>fileRef</key>
			<string>FDD39DA01B47F92900D81FFB</string>
			<key>isa</key>
			<string>PBXBuildFile</string>
		</dict>
		<key>FDD39DA21B47F93200D81FFB</key>
		<dict>
			<key>isa</key>
			<string>PBXFileReference</string>
			<key>lastKnownFileType</key>
			<string>wrapper.framework</string>
			<key>name</key>
			<string>Security.framework</string>
			<key>path</key>
			<string>System/Library/Frameworks/Security.framework</string>
			<key>sourceTree</key>
			<string>SDKROOT</string>
		</dict>
		<key>FDD39DA31B47F93200D81FFB</key>
		<dict>
			<key>fileRef</key>
			<string>FDD39DA21B47F93200D81FFB</string>
			<key>isa</key>
			<string>PBXBuildFile</string>
		</dict>
		<key>FDD39DA41B47F93B00D81FFB</key>
		<dict>
			<key>isa</key>
			<string>PBXFileReference</string>
			<key>lastKnownFileType</key>
			<string>wrapper.framework</string>
			<key>name</key>
			<string>SystemConfiguration.framework</string>
			<key>path</key>
			<string>System/Library/Frameworks/SystemConfiguration.framework</string>
			<key>sourceTree</key>
			<string>SDKROOT</string>
		</dict>
		<key>FDD39DA51B47F93B00D81FFB</key>
		<dict>
			<key>fileRef</key>
			<string>FDD39DA41B47F93B00D81FFB</string>
			<key>isa</key>
			<string>PBXBuildFile</string>
		</dict>
		<key>FDD39DA61B47F94400D81FFB</key>
		<dict>
			<key>isa</key>
			<string>PBXFileReference</string>
			<key>lastKnownFileType</key>
			<string>compiled.mach-o.dylib</string>
			<key>name</key>
			<string>libz.dylib</string>
			<key>path</key>
			<string>usr/lib/libz.dylib</string>
			<key>sourceTree</key>
			<string>SDKROOT</string>
		</dict>
		<key>FDD39DA71B47F94400D81FFB</key>
		<dict>
			<key>fileRef</key>
			<string>FDD39DA61B47F94400D81FFB</string>
			<key>isa</key>
			<string>PBXBuildFile</string>
		</dict>
		<key>FDD39DA81B47F94D00D81FFB</key>
		<dict>
			<key>isa</key>
			<string>PBXFileReference</string>
			<key>lastKnownFileType</key>
			<string>compiled.mach-o.dylib</string>
			<key>name</key>
			<string>libsqlite3.dylib</string>
			<key>path</key>
			<string>usr/lib/libsqlite3.dylib</string>
			<key>sourceTree</key>
			<string>SDKROOT</string>
		</dict>
		<key>FDD39DA91B47F94D00D81FFB</key>
		<dict>
			<key>fileRef</key>
			<string>FDD39DA81B47F94D00D81FFB</string>
			<key>isa</key>
			<string>PBXBuildFile</string>
		</dict>
		<key>FDD39DAA1B49699B00D81FFB</key>
		<dict>
			<key>fileEncoding</key>
			<string>4</string>
			<key>isa</key>
			<string>PBXFileReference</string>
			<key>lastKnownFileType</key>
			<string>sourcecode.swift</string>
			<key>path</key>
			<string>ParseRequestsWrapper.swift</string>
			<key>sourceTree</key>
			<string>&lt;group&gt;</string>
		</dict>
		<key>FDD39DAB1B49699B00D81FFB</key>
		<dict>
			<key>fileRef</key>
			<string>FDD39DAA1B49699B00D81FFB</string>
			<key>isa</key>
			<string>PBXBuildFile</string>
		</dict>
		<key>FDE394BA1B4C4BBB00531870</key>
		<dict>
			<key>children</key>
			<array>
				<string>FDE394C11B4C4CD300531870</string>
				<string>FDE394D51B4C53DE00531870</string>
			</array>
			<key>isa</key>
			<string>PBXGroup</string>
			<key>path</key>
			<string>model</string>
			<key>sourceTree</key>
			<string>&lt;group&gt;</string>
		</dict>
		<key>FDE394C11B4C4CD300531870</key>
		<dict>
			<key>children</key>
			<array>
				<string>FDE394C21B4C4CD300531870</string>
				<string>FDE394C31B4C4CD300531870</string>
				<string>FDE394C41B4C4CD300531870</string>
				<string>FDE394C81B4C4CEB00531870</string>
			</array>
			<key>isa</key>
			<string>PBXGroup</string>
			<key>path</key>
			<string>objectCreators</string>
			<key>sourceTree</key>
			<string>&lt;group&gt;</string>
		</dict>
		<key>FDE394C21B4C4CD300531870</key>
		<dict>
			<key>fileEncoding</key>
			<string>4</string>
			<key>isa</key>
			<string>PBXFileReference</string>
			<key>lastKnownFileType</key>
			<string>sourcecode.swift</string>
			<key>path</key>
			<string>ContactInfoObjectCreator.swift</string>
			<key>sourceTree</key>
			<string>&lt;group&gt;</string>
		</dict>
		<key>FDE394C31B4C4CD300531870</key>
		<dict>
			<key>fileEncoding</key>
			<string>4</string>
			<key>isa</key>
			<string>PBXFileReference</string>
			<key>lastKnownFileType</key>
			<string>sourcecode.swift</string>
			<key>path</key>
			<string>ObjectCreator.swift</string>
			<key>sourceTree</key>
			<string>&lt;group&gt;</string>
		</dict>
		<key>FDE394C41B4C4CD300531870</key>
		<dict>
			<key>fileEncoding</key>
			<string>4</string>
			<key>isa</key>
			<string>PBXFileReference</string>
			<key>lastKnownFileType</key>
			<string>sourcecode.swift</string>
			<key>path</key>
			<string>ProviderObjectCreator.swift</string>
			<key>sourceTree</key>
			<string>&lt;group&gt;</string>
		</dict>
		<key>FDE394C51B4C4CD300531870</key>
		<dict>
			<key>fileRef</key>
			<string>FDE394C21B4C4CD300531870</string>
			<key>isa</key>
			<string>PBXBuildFile</string>
		</dict>
		<key>FDE394C61B4C4CD300531870</key>
		<dict>
			<key>fileRef</key>
			<string>FDE394C31B4C4CD300531870</string>
			<key>isa</key>
			<string>PBXBuildFile</string>
		</dict>
		<key>FDE394C71B4C4CD300531870</key>
		<dict>
			<key>fileRef</key>
			<string>FDE394C41B4C4CD300531870</string>
			<key>isa</key>
			<string>PBXBuildFile</string>
		</dict>
		<key>FDE394C81B4C4CEB00531870</key>
		<dict>
			<key>fileEncoding</key>
			<string>4</string>
			<key>isa</key>
			<string>PBXFileReference</string>
			<key>lastKnownFileType</key>
			<string>sourcecode.swift</string>
			<key>path</key>
			<string>ObjectCreatorFactory.swift</string>
			<key>sourceTree</key>
			<string>&lt;group&gt;</string>
		</dict>
		<key>FDE394C91B4C4CEB00531870</key>
		<dict>
			<key>fileRef</key>
			<string>FDE394C81B4C4CEB00531870</string>
			<key>isa</key>
			<string>PBXBuildFile</string>
		</dict>
		<key>FDE394CC1B4C4D8800531870</key>
		<dict>
			<key>children</key>
			<array>
				<string>FDE394CD1B4C4D8800531870</string>
				<string>FDE394CF1B4C4E2900531870</string>
				<string>FDE394D11B4C4EBB00531870</string>
				<string>FDE394D31B4C4EF100531870</string>
			</array>
			<key>isa</key>
			<string>PBXGroup</string>
			<key>path</key>
			<string>remoteCommunicator</string>
			<key>sourceTree</key>
			<string>&lt;group&gt;</string>
		</dict>
		<key>FDE394CD1B4C4D8800531870</key>
		<dict>
			<key>fileEncoding</key>
			<string>4</string>
			<key>isa</key>
			<string>PBXFileReference</string>
			<key>lastKnownFileType</key>
			<string>sourcecode.swift</string>
			<key>path</key>
			<string>RemoteCommunicator.swift</string>
			<key>sourceTree</key>
			<string>&lt;group&gt;</string>
		</dict>
		<key>FDE394CE1B4C4D8800531870</key>
		<dict>
			<key>fileRef</key>
			<string>FDE394CD1B4C4D8800531870</string>
			<key>isa</key>
			<string>PBXBuildFile</string>
		</dict>
		<key>FDE394CF1B4C4E2900531870</key>
		<dict>
			<key>fileEncoding</key>
			<string>4</string>
			<key>isa</key>
			<string>PBXFileReference</string>
			<key>lastKnownFileType</key>
			<string>sourcecode.swift</string>
			<key>path</key>
			<string>ProvidersRemoteCommunicator.swift</string>
			<key>sourceTree</key>
			<string>&lt;group&gt;</string>
		</dict>
		<key>FDE394D01B4C4E2900531870</key>
		<dict>
			<key>fileRef</key>
			<string>FDE394CF1B4C4E2900531870</string>
			<key>isa</key>
			<string>PBXBuildFile</string>
		</dict>
		<key>FDE394D11B4C4EBB00531870</key>
		<dict>
			<key>fileEncoding</key>
			<string>4</string>
			<key>isa</key>
			<string>PBXFileReference</string>
			<key>lastKnownFileType</key>
			<string>sourcecode.swift</string>
			<key>path</key>
			<string>ContactInfoRemoteCommunicator.swift</string>
			<key>sourceTree</key>
			<string>&lt;group&gt;</string>
		</dict>
		<key>FDE394D21B4C4EBB00531870</key>
		<dict>
			<key>fileRef</key>
			<string>FDE394D11B4C4EBB00531870</string>
			<key>isa</key>
			<string>PBXBuildFile</string>
		</dict>
		<key>FDE394D31B4C4EF100531870</key>
		<dict>
			<key>fileEncoding</key>
			<string>4</string>
			<key>isa</key>
			<string>PBXFileReference</string>
			<key>lastKnownFileType</key>
			<string>sourcecode.swift</string>
			<key>path</key>
			<string>RemoteCommunicatorFactory.swift</string>
			<key>sourceTree</key>
			<string>&lt;group&gt;</string>
		</dict>
		<key>FDE394D41B4C4EF100531870</key>
		<dict>
			<key>fileRef</key>
			<string>FDE394D31B4C4EF100531870</string>
			<key>isa</key>
			<string>PBXBuildFile</string>
		</dict>
		<key>FDE394D51B4C53DE00531870</key>
		<dict>
			<key>fileEncoding</key>
			<string>4</string>
			<key>isa</key>
			<string>PBXFileReference</string>
			<key>lastKnownFileType</key>
			<string>sourcecode.swift</string>
			<key>path</key>
			<string>DBManager.swift</string>
			<key>sourceTree</key>
			<string>&lt;group&gt;</string>
		</dict>
		<key>FDE394D61B4C53DE00531870</key>
		<dict>
			<key>fileRef</key>
			<string>FDE394D51B4C53DE00531870</string>
			<key>isa</key>
			<string>PBXBuildFile</string>
		</dict>
	</dict>
	<key>rootObject</key>
	<string>FDB90C431B43EA310003B3D2</string>
</dict>
</plist>
