// !$*UTF8*$!
{
	archiveVersion = 1;
	classes = {
	};
	objectVersion = 46;
	objects = {

/* Begin PBXBuildFile section */
		FDB90C511B43EA310003B3D2 /* AppDelegate.swift in Sources */ = {isa = PBXBuildFile; fileRef = FDB90C501B43EA310003B3D2 /* AppDelegate.swift */; };
		FDB90C561B43EA310003B3D2 /* Providers.storyboard in Resources */ = {isa = PBXBuildFile; fileRef = FDB90C541B43EA310003B3D2 /* Providers.storyboard */; };
		FDB90C581B43EA310003B3D2 /* Images.xcassets in Resources */ = {isa = PBXBuildFile; fileRef = FDB90C571B43EA310003B3D2 /* Images.xcassets */; };
		FDB90C5B1B43EA310003B3D2 /* LaunchScreen.xib in Resources */ = {isa = PBXBuildFile; fileRef = FDB90C591B43EA310003B3D2 /* LaunchScreen.xib */; };
		FDB90C671B43EA310003B3D2 /* BLKWaterDeliveryTests.swift in Sources */ = {isa = PBXBuildFile; fileRef = FDB90C661B43EA310003B3D2 /* BLKWaterDeliveryTests.swift */; };
		FDB90C721B43F8220003B3D2 /* SelectProviderViewController.swift in Sources */ = {isa = PBXBuildFile; fileRef = FDB90C711B43F8220003B3D2 /* SelectProviderViewController.swift */; };
		FDB90C741B43FDF60003B3D2 /* ProviderInfoViewController.swift in Sources */ = {isa = PBXBuildFile; fileRef = FDB90C731B43FDF60003B3D2 /* ProviderInfoViewController.swift */; };
		FDB90C791B4400F10003B3D2 /* MakeOrder.storyboard in Resources */ = {isa = PBXBuildFile; fileRef = FDB90C771B4400F10003B3D2 /* MakeOrder.storyboard */; };
		FDB90C7C1B4401770003B3D2 /* MakeOrderViewController.swift in Sources */ = {isa = PBXBuildFile; fileRef = FDB90C7B1B4401770003B3D2 /* MakeOrderViewController.swift */; };
		FDB90C7E1B4402200003B3D2 /* InputContactInfoViewController.swift in Sources */ = {isa = PBXBuildFile; fileRef = FDB90C7D1B4402200003B3D2 /* InputContactInfoViewController.swift */; };
		FDB90C811B4407090003B3D2 /* Profile.storyboard in Resources */ = {isa = PBXBuildFile; fileRef = FDB90C7F1B4407090003B3D2 /* Profile.storyboard */; };
		FDB90C831B4407780003B3D2 /* ProfileViewController.swift in Sources */ = {isa = PBXBuildFile; fileRef = FDB90C821B4407780003B3D2 /* ProfileViewController.swift */; };
		FDB90C851B4407820003B3D2 /* OrdersViewController.swift in Sources */ = {isa = PBXBuildFile; fileRef = FDB90C841B4407820003B3D2 /* OrdersViewController.swift */; };
/* End PBXBuildFile section */

/* Begin PBXContainerItemProxy section */
		FDB90C611B43EA310003B3D2 /* PBXContainerItemProxy */ = {
			isa = PBXContainerItemProxy;
			containerPortal = FDB90C431B43EA310003B3D2 /* Project object */;
			proxyType = 1;
			remoteGlobalIDString = FDB90C4A1B43EA310003B3D2;
			remoteInfo = BLKWaterDelivery;
		};
/* End PBXContainerItemProxy section */

/* Begin PBXFileReference section */
		FDB90C4B1B43EA310003B3D2 /* BLKWaterDelivery.app */ = {isa = PBXFileReference; explicitFileType = wrapper.application; includeInIndex = 0; path = BLKWaterDelivery.app; sourceTree = BUILT_PRODUCTS_DIR; };
		FDB90C4F1B43EA310003B3D2 /* Info.plist */ = {isa = PBXFileReference; lastKnownFileType = text.plist.xml; path = Info.plist; sourceTree = "<group>"; };
		FDB90C501B43EA310003B3D2 /* AppDelegate.swift */ = {isa = PBXFileReference; lastKnownFileType = sourcecode.swift; path = AppDelegate.swift; sourceTree = "<group>"; };
		FDB90C551B43EA310003B3D2 /* Base */ = {isa = PBXFileReference; lastKnownFileType = file.storyboard; name = Base; path = Base.lproj/Providers.storyboard; sourceTree = "<group>"; };
		FDB90C571B43EA310003B3D2 /* Images.xcassets */ = {isa = PBXFileReference; lastKnownFileType = folder.assetcatalog; path = Images.xcassets; sourceTree = "<group>"; };
		FDB90C5A1B43EA310003B3D2 /* Base */ = {isa = PBXFileReference; lastKnownFileType = file.xib; name = Base; path = Base.lproj/LaunchScreen.xib; sourceTree = "<group>"; };
		FDB90C601B43EA310003B3D2 /* BLKWaterDeliveryTests.xctest */ = {isa = PBXFileReference; explicitFileType = wrapper.cfbundle; includeInIndex = 0; path = BLKWaterDeliveryTests.xctest; sourceTree = BUILT_PRODUCTS_DIR; };
		FDB90C651B43EA310003B3D2 /* Info.plist */ = {isa = PBXFileReference; lastKnownFileType = text.plist.xml; path = Info.plist; sourceTree = "<group>"; };
		FDB90C661B43EA310003B3D2 /* BLKWaterDeliveryTests.swift */ = {isa = PBXFileReference; lastKnownFileType = sourcecode.swift; path = BLKWaterDeliveryTests.swift; sourceTree = "<group>"; };
		FDB90C711B43F8220003B3D2 /* SelectProviderViewController.swift */ = {isa = PBXFileReference; fileEncoding = 4; lastKnownFileType = sourcecode.swift; path = SelectProviderViewController.swift; sourceTree = "<group>"; };
		FDB90C731B43FDF60003B3D2 /* ProviderInfoViewController.swift */ = {isa = PBXFileReference; fileEncoding = 4; lastKnownFileType = sourcecode.swift; path = ProviderInfoViewController.swift; sourceTree = "<group>"; };
		FDB90C781B4400F10003B3D2 /* Base */ = {isa = PBXFileReference; lastKnownFileType = file.storyboard; name = Base; path = Base.lproj/MakeOrder.storyboard; sourceTree = "<group>"; };
		FDB90C7B1B4401770003B3D2 /* MakeOrderViewController.swift */ = {isa = PBXFileReference; fileEncoding = 4; lastKnownFileType = sourcecode.swift; path = MakeOrderViewController.swift; sourceTree = "<group>"; };
		FDB90C7D1B4402200003B3D2 /* InputContactInfoViewController.swift */ = {isa = PBXFileReference; fileEncoding = 4; lastKnownFileType = sourcecode.swift; path = InputContactInfoViewController.swift; sourceTree = "<group>"; };
		FDB90C801B4407090003B3D2 /* Base */ = {isa = PBXFileReference; lastKnownFileType = file.storyboard; name = Base; path = Base.lproj/Profile.storyboard; sourceTree = "<group>"; };
		FDB90C821B4407780003B3D2 /* ProfileViewController.swift */ = {isa = PBXFileReference; fileEncoding = 4; lastKnownFileType = sourcecode.swift; path = ProfileViewController.swift; sourceTree = "<group>"; };
		FDB90C841B4407820003B3D2 /* OrdersViewController.swift */ = {isa = PBXFileReference; fileEncoding = 4; lastKnownFileType = sourcecode.swift; path = OrdersViewController.swift; sourceTree = "<group>"; };
/* End PBXFileReference section */

/* Begin PBXFrameworksBuildPhase section */
		FDB90C481B43EA310003B3D2 /* Frameworks */ = {
			isa = PBXFrameworksBuildPhase;
			buildActionMask = 2147483647;
			files = (
			);
			runOnlyForDeploymentPostprocessing = 0;
		};
		FDB90C5D1B43EA310003B3D2 /* Frameworks */ = {
			isa = PBXFrameworksBuildPhase;
			buildActionMask = 2147483647;
			files = (
			);
			runOnlyForDeploymentPostprocessing = 0;
		};
/* End PBXFrameworksBuildPhase section */

/* Begin PBXGroup section */
		FDB90C421B43EA310003B3D2 = {
			isa = PBXGroup;
			children = (
				FDB90C4D1B43EA310003B3D2 /* BLKWaterDelivery */,
				FDB90C631B43EA310003B3D2 /* BLKWaterDeliveryTests */,
				FDB90C4C1B43EA310003B3D2 /* Products */,
			);
			sourceTree = "<group>";
		};
		FDB90C4C1B43EA310003B3D2 /* Products */ = {
			isa = PBXGroup;
			children = (
				FDB90C4B1B43EA310003B3D2 /* BLKWaterDelivery.app */,
				FDB90C601B43EA310003B3D2 /* BLKWaterDeliveryTests.xctest */,
			);
			name = Products;
			sourceTree = "<group>";
		};
		FDB90C4D1B43EA310003B3D2 /* BLKWaterDelivery */ = {
			isa = PBXGroup;
			children = (
				FDB90C7A1B4400F80003B3D2 /* storyboards */,
				FDB90C701B43F8220003B3D2 /* viewControllers */,
				FDB90C501B43EA310003B3D2 /* AppDelegate.swift */,
				FDB90C571B43EA310003B3D2 /* Images.xcassets */,
				FDB90C591B43EA310003B3D2 /* LaunchScreen.xib */,
				FDB90C4E1B43EA310003B3D2 /* Supporting Files */,
			);
			path = BLKWaterDelivery;
			sourceTree = "<group>";
		};
		FDB90C4E1B43EA310003B3D2 /* Supporting Files */ = {
			isa = PBXGroup;
			children = (
				FDB90C4F1B43EA310003B3D2 /* Info.plist */,
			);
			name = "Supporting Files";
			sourceTree = "<group>";
		};
		FDB90C631B43EA310003B3D2 /* BLKWaterDeliveryTests */ = {
			isa = PBXGroup;
			children = (
				FDB90C661B43EA310003B3D2 /* BLKWaterDeliveryTests.swift */,
				FDB90C641B43EA310003B3D2 /* Supporting Files */,
			);
			path = BLKWaterDeliveryTests;
			sourceTree = "<group>";
		};
		FDB90C641B43EA310003B3D2 /* Supporting Files */ = {
			isa = PBXGroup;
			children = (
				FDB90C651B43EA310003B3D2 /* Info.plist */,
			);
			name = "Supporting Files";
			sourceTree = "<group>";
		};
		FDB90C701B43F8220003B3D2 /* viewControllers */ = {
			isa = PBXGroup;
			children = (
				FDB90C711B43F8220003B3D2 /* SelectProviderViewController.swift */,
				FDB90C731B43FDF60003B3D2 /* ProviderInfoViewController.swift */,
				FDB90C7B1B4401770003B3D2 /* MakeOrderViewController.swift */,
				FDB90C7D1B4402200003B3D2 /* InputContactInfoViewController.swift */,
				FDB90C821B4407780003B3D2 /* ProfileViewController.swift */,
				FDB90C841B4407820003B3D2 /* OrdersViewController.swift */,
			);
			path = viewControllers;
			sourceTree = "<group>";
		};
		FDB90C7A1B4400F80003B3D2 /* storyboards */ = {
			isa = PBXGroup;
			children = (
				FDB90C771B4400F10003B3D2 /* MakeOrder.storyboard */,
				FDB90C541B43EA310003B3D2 /* Providers.storyboard */,
				FDB90C7F1B4407090003B3D2 /* Profile.storyboard */,
			);
			name = storyboards;
			sourceTree = "<group>";
		};
/* End PBXGroup section */

/* Begin PBXNativeTarget section */
		FDB90C4A1B43EA310003B3D2 /* BLKWaterDelivery */ = {
			isa = PBXNativeTarget;
			buildConfigurationList = FDB90C6A1B43EA310003B3D2 /* Build configuration list for PBXNativeTarget "BLKWaterDelivery" */;
			buildPhases = (
				FDB90C471B43EA310003B3D2 /* Sources */,
				FDB90C481B43EA310003B3D2 /* Frameworks */,
				FDB90C491B43EA310003B3D2 /* Resources */,
			);
			buildRules = (
			);
			dependencies = (
			);
			name = BLKWaterDelivery;
			productName = BLKWaterDelivery;
			productReference = FDB90C4B1B43EA310003B3D2 /* BLKWaterDelivery.app */;
			productType = "com.apple.product-type.application";
		};
		FDB90C5F1B43EA310003B3D2 /* BLKWaterDeliveryTests */ = {
			isa = PBXNativeTarget;
			buildConfigurationList = FDB90C6D1B43EA310003B3D2 /* Build configuration list for PBXNativeTarget "BLKWaterDeliveryTests" */;
			buildPhases = (
				FDB90C5C1B43EA310003B3D2 /* Sources */,
				FDB90C5D1B43EA310003B3D2 /* Frameworks */,
				FDB90C5E1B43EA310003B3D2 /* Resources */,
			);
			buildRules = (
			);
			dependencies = (
				FDB90C621B43EA310003B3D2 /* PBXTargetDependency */,
			);
			name = BLKWaterDeliveryTests;
			productName = BLKWaterDeliveryTests;
			productReference = FDB90C601B43EA310003B3D2 /* BLKWaterDeliveryTests.xctest */;
			productType = "com.apple.product-type.bundle.unit-test";
		};
/* End PBXNativeTarget section */

/* Begin PBXProject section */
		FDB90C431B43EA310003B3D2 /* Project object */ = {
			isa = PBXProject;
			attributes = {
				LastUpgradeCheck = 0630;
				ORGANIZATIONNAME = black9;
				TargetAttributes = {
					FDB90C4A1B43EA310003B3D2 = {
						CreatedOnToolsVersion = 6.3.2;
					};
					FDB90C5F1B43EA310003B3D2 = {
						CreatedOnToolsVersion = 6.3.2;
						TestTargetID = FDB90C4A1B43EA310003B3D2;
					};
				};
			};
			buildConfigurationList = FDB90C461B43EA310003B3D2 /* Build configuration list for PBXProject "BLKWaterDelivery" */;
			compatibilityVersion = "Xcode 3.2";
			developmentRegion = English;
			hasScannedForEncodings = 0;
			knownRegions = (
				en,
				Base,
			);
			mainGroup = FDB90C421B43EA310003B3D2;
			productRefGroup = FDB90C4C1B43EA310003B3D2 /* Products */;
			projectDirPath = "";
			projectRoot = "";
			targets = (
				FDB90C4A1B43EA310003B3D2 /* BLKWaterDelivery */,
				FDB90C5F1B43EA310003B3D2 /* BLKWaterDeliveryTests */,
			);
		};
/* End PBXProject section */

/* Begin PBXResourcesBuildPhase section */
		FDB90C491B43EA310003B3D2 /* Resources */ = {
			isa = PBXResourcesBuildPhase;
			buildActionMask = 2147483647;
			files = (
				FDB90C561B43EA310003B3D2 /* Providers.storyboard in Resources */,
				FDB90C791B4400F10003B3D2 /* MakeOrder.storyboard in Resources */,
				FDB90C811B4407090003B3D2 /* Profile.storyboard in Resources */,
				FDB90C5B1B43EA310003B3D2 /* LaunchScreen.xib in Resources */,
				FDB90C581B43EA310003B3D2 /* Images.xcassets in Resources */,
			);
			runOnlyForDeploymentPostprocessing = 0;
		};
		FDB90C5E1B43EA310003B3D2 /* Resources */ = {
			isa = PBXResourcesBuildPhase;
			buildActionMask = 2147483647;
			files = (
			);
			runOnlyForDeploymentPostprocessing = 0;
		};
/* End PBXResourcesBuildPhase section */

/* Begin PBXSourcesBuildPhase section */
		FDB90C471B43EA310003B3D2 /* Sources */ = {
			isa = PBXSourcesBuildPhase;
			buildActionMask = 2147483647;
			files = (
				FDB90C831B4407780003B3D2 /* ProfileViewController.swift in Sources */,
				FDB90C511B43EA310003B3D2 /* AppDelegate.swift in Sources */,
				FDB90C7E1B4402200003B3D2 /* InputContactInfoViewController.swift in Sources */,
				FDB90C851B4407820003B3D2 /* OrdersViewController.swift in Sources */,
				FDB90C7C1B4401770003B3D2 /* MakeOrderViewController.swift in Sources */,
				FDB90C721B43F8220003B3D2 /* SelectProviderViewController.swift in Sources */,
				FDB90C741B43FDF60003B3D2 /* ProviderInfoViewController.swift in Sources */,
			);
			runOnlyForDeploymentPostprocessing = 0;
		};
		FDB90C5C1B43EA310003B3D2 /* Sources */ = {
			isa = PBXSourcesBuildPhase;
			buildActionMask = 2147483647;
			files = (
				FDB90C671B43EA310003B3D2 /* BLKWaterDeliveryTests.swift in Sources */,
			);
			runOnlyForDeploymentPostprocessing = 0;
		};
/* End PBXSourcesBuildPhase section */

/* Begin PBXTargetDependency section */
		FDB90C621B43EA310003B3D2 /* PBXTargetDependency */ = {
			isa = PBXTargetDependency;
			target = FDB90C4A1B43EA310003B3D2 /* BLKWaterDelivery */;
			targetProxy = FDB90C611B43EA310003B3D2 /* PBXContainerItemProxy */;
		};
/* End PBXTargetDependency section */

/* Begin PBXVariantGroup section */
		FDB90C541B43EA310003B3D2 /* Providers.storyboard */ = {
			isa = PBXVariantGroup;
			children = (
				FDB90C551B43EA310003B3D2 /* Base */,
			);
			name = Providers.storyboard;
			sourceTree = "<group>";
		};
		FDB90C591B43EA310003B3D2 /* LaunchScreen.xib */ = {
			isa = PBXVariantGroup;
			children = (
				FDB90C5A1B43EA310003B3D2 /* Base */,
			);
			name = LaunchScreen.xib;
			sourceTree = "<group>";
		};
		FDB90C771B4400F10003B3D2 /* MakeOrder.storyboard */ = {
			isa = PBXVariantGroup;
			children = (
				FDB90C781B4400F10003B3D2 /* Base */,
			);
			name = MakeOrder.storyboard;
			sourceTree = "<group>";
		};
		FDB90C7F1B4407090003B3D2 /* Profile.storyboard */ = {
			isa = PBXVariantGroup;
			children = (
				FDB90C801B4407090003B3D2 /* Base */,
			);
			name = Profile.storyboard;
			sourceTree = "<group>";
		};
/* End PBXVariantGroup section */

/* Begin XCBuildConfiguration section */
		FDB90C681B43EA310003B3D2 /* Debug */ = {
			isa = XCBuildConfiguration;
			buildSettings = {
				ALWAYS_SEARCH_USER_PATHS = NO;
				CLANG_CXX_LANGUAGE_STANDARD = "gnu++0x";
				CLANG_CXX_LIBRARY = "libc++";
				CLANG_ENABLE_MODULES = YES;
				CLANG_ENABLE_OBJC_ARC = YES;
				CLANG_WARN_BOOL_CONVERSION = YES;
				CLANG_WARN_CONSTANT_CONVERSION = YES;
				CLANG_WARN_DIRECT_OBJC_ISA_USAGE = YES_ERROR;
				CLANG_WARN_EMPTY_BODY = YES;
				CLANG_WARN_ENUM_CONVERSION = YES;
				CLANG_WARN_INT_CONVERSION = YES;
				CLANG_WARN_OBJC_ROOT_CLASS = YES_ERROR;
				CLANG_WARN_UNREACHABLE_CODE = YES;
				CLANG_WARN__DUPLICATE_METHOD_MATCH = YES;
				"CODE_SIGN_IDENTITY[sdk=iphoneos*]" = "iPhone Developer";
				COPY_PHASE_STRIP = NO;
				DEBUG_INFORMATION_FORMAT = "dwarf-with-dsym";
				ENABLE_STRICT_OBJC_MSGSEND = YES;
				GCC_C_LANGUAGE_STANDARD = gnu99;
				GCC_DYNAMIC_NO_PIC = NO;
				GCC_NO_COMMON_BLOCKS = YES;
				GCC_OPTIMIZATION_LEVEL = 0;
				GCC_PREPROCESSOR_DEFINITIONS = (
					"DEBUG=1",
					"$(inherited)",
				);
				GCC_SYMBOLS_PRIVATE_EXTERN = NO;
				GCC_WARN_64_TO_32_BIT_CONVERSION = YES;
				GCC_WARN_ABOUT_RETURN_TYPE = YES_ERROR;
				GCC_WARN_UNDECLARED_SELECTOR = YES;
				GCC_WARN_UNINITIALIZED_AUTOS = YES_AGGRESSIVE;
				GCC_WARN_UNUSED_FUNCTION = YES;
				GCC_WARN_UNUSED_VARIABLE = YES;
				IPHONEOS_DEPLOYMENT_TARGET = 8.3;
				MTL_ENABLE_DEBUG_INFO = YES;
				ONLY_ACTIVE_ARCH = YES;
				SDKROOT = iphoneos;
				SWIFT_OPTIMIZATION_LEVEL = "-Onone";
			};
			name = Debug;
		};
		FDB90C691B43EA310003B3D2 /* Release */ = {
			isa = XCBuildConfiguration;
			buildSettings = {
				ALWAYS_SEARCH_USER_PATHS = NO;
				CLANG_CXX_LANGUAGE_STANDARD = "gnu++0x";
				CLANG_CXX_LIBRARY = "libc++";
				CLANG_ENABLE_MODULES = YES;
				CLANG_ENABLE_OBJC_ARC = YES;
				CLANG_WARN_BOOL_CONVERSION = YES;
				CLANG_WARN_CONSTANT_CONVERSION = YES;
				CLANG_WARN_DIRECT_OBJC_ISA_USAGE = YES_ERROR;
				CLANG_WARN_EMPTY_BODY = YES;
				CLANG_WARN_ENUM_CONVERSION = YES;
				CLANG_WARN_INT_CONVERSION = YES;
				CLANG_WARN_OBJC_ROOT_CLASS = YES_ERROR;
				CLANG_WARN_UNREACHABLE_CODE = YES;
				CLANG_WARN__DUPLICATE_METHOD_MATCH = YES;
				"CODE_SIGN_IDENTITY[sdk=iphoneos*]" = "iPhone Developer";
				COPY_PHASE_STRIP = NO;
				DEBUG_INFORMATION_FORMAT = "dwarf-with-dsym";
				ENABLE_NS_ASSERTIONS = NO;
				ENABLE_STRICT_OBJC_MSGSEND = YES;
				GCC_C_LANGUAGE_STANDARD = gnu99;
				GCC_NO_COMMON_BLOCKS = YES;
				GCC_WARN_64_TO_32_BIT_CONVERSION = YES;
				GCC_WARN_ABOUT_RETURN_TYPE = YES_ERROR;
				GCC_WARN_UNDECLARED_SELECTOR = YES;
				GCC_WARN_UNINITIALIZED_AUTOS = YES_AGGRESSIVE;
				GCC_WARN_UNUSED_FUNCTION = YES;
				GCC_WARN_UNUSED_VARIABLE = YES;
				IPHONEOS_DEPLOYMENT_TARGET = 8.3;
				MTL_ENABLE_DEBUG_INFO = NO;
				SDKROOT = iphoneos;
				VALIDATE_PRODUCT = YES;
			};
			name = Release;
		};
		FDB90C6B1B43EA310003B3D2 /* Debug */ = {
			isa = XCBuildConfiguration;
			buildSettings = {
				ASSETCATALOG_COMPILER_APPICON_NAME = AppIcon;
				INFOPLIST_FILE = BLKWaterDelivery/Info.plist;
				LD_RUNPATH_SEARCH_PATHS = "$(inherited) @executable_path/Frameworks";
				PRODUCT_NAME = "$(TARGET_NAME)";
			};
			name = Debug;
		};
		FDB90C6C1B43EA310003B3D2 /* Release */ = {
			isa = XCBuildConfiguration;
			buildSettings = {
				ASSETCATALOG_COMPILER_APPICON_NAME = AppIcon;
				INFOPLIST_FILE = BLKWaterDelivery/Info.plist;
				LD_RUNPATH_SEARCH_PATHS = "$(inherited) @executable_path/Frameworks";
				PRODUCT_NAME = "$(TARGET_NAME)";
			};
			name = Release;
		};
		FDB90C6E1B43EA310003B3D2 /* Debug */ = {
			isa = XCBuildConfiguration;
			buildSettings = {
				BUNDLE_LOADER = "$(TEST_HOST)";
				FRAMEWORK_SEARCH_PATHS = (
					"$(SDKROOT)/Developer/Library/Frameworks",
					"$(inherited)",
				);
				GCC_PREPROCESSOR_DEFINITIONS = (
					"DEBUG=1",
					"$(inherited)",
				);
				INFOPLIST_FILE = BLKWaterDeliveryTests/Info.plist;
				LD_RUNPATH_SEARCH_PATHS = "$(inherited) @executable_path/Frameworks @loader_path/Frameworks";
				PRODUCT_NAME = "$(TARGET_NAME)";
				TEST_HOST = "$(BUILT_PRODUCTS_DIR)/BLKWaterDelivery.app/BLKWaterDelivery";
			};
			name = Debug;
		};
		FDB90C6F1B43EA310003B3D2 /* Release */ = {
			isa = XCBuildConfiguration;
			buildSettings = {
				BUNDLE_LOADER = "$(TEST_HOST)";
				FRAMEWORK_SEARCH_PATHS = (
					"$(SDKROOT)/Developer/Library/Frameworks",
					"$(inherited)",
				);
				INFOPLIST_FILE = BLKWaterDeliveryTests/Info.plist;
				LD_RUNPATH_SEARCH_PATHS = "$(inherited) @executable_path/Frameworks @loader_path/Frameworks";
				PRODUCT_NAME = "$(TARGET_NAME)";
				TEST_HOST = "$(BUILT_PRODUCTS_DIR)/BLKWaterDelivery.app/BLKWaterDelivery";
			};
			name = Release;
		};
/* End XCBuildConfiguration section */

/* Begin XCConfigurationList section */
		FDB90C461B43EA310003B3D2 /* Build configuration list for PBXProject "BLKWaterDelivery" */ = {
			isa = XCConfigurationList;
			buildConfigurations = (
				FDB90C681B43EA310003B3D2 /* Debug */,
				FDB90C691B43EA310003B3D2 /* Release */,
			);
			defaultConfigurationIsVisible = 0;
			defaultConfigurationName = Release;
		};
		FDB90C6A1B43EA310003B3D2 /* Build configuration list for PBXNativeTarget "BLKWaterDelivery" */ = {
			isa = XCConfigurationList;
			buildConfigurations = (
				FDB90C6B1B43EA310003B3D2 /* Debug */,
				FDB90C6C1B43EA310003B3D2 /* Release */,
			);
			defaultConfigurationIsVisible = 0;
		};
		FDB90C6D1B43EA310003B3D2 /* Build configuration list for PBXNativeTarget "BLKWaterDeliveryTests" */ = {
			isa = XCConfigurationList;
			buildConfigurations = (
				FDB90C6E1B43EA310003B3D2 /* Debug */,
				FDB90C6F1B43EA310003B3D2 /* Release */,
			);
			defaultConfigurationIsVisible = 0;
		};
/* End XCConfigurationList section */
	};
	rootObject = FDB90C431B43EA310003B3D2 /* Project object */;
}
